{
  "version": 4,
  "terraform_version": "1.5.6",
  "serial": 235,
  "lineage": "f8dc6bde-68ab-0c64-ed8d-3d10fd429555",
  "outputs": {},
  "resources": [
    {
      "mode": "data",
      "type": "aws_ami",
      "name": "ubuntu",
      "provider": "provider[\"registry.terraform.io/hashicorp/aws\"]",
      "instances": [
        {
          "schema_version": 0,
          "attributes": {
            "architecture": "x86_64",
            "arn": "arn:aws:ec2:us-east-2::image/ami-0e83be366243f524a",
            "block_device_mappings": [
              {
                "device_name": "/dev/sda1",
                "ebs": {
                  "delete_on_termination": "true",
                  "encrypted": "false",
                  "iops": "0",
                  "snapshot_id": "snap-0b211a0bf8d45b33f",
                  "throughput": "0",
                  "volume_size": "8",
                  "volume_type": "gp2"
                },
                "no_device": "",
                "virtual_name": ""
              },
              {
                "device_name": "/dev/sdb",
                "ebs": {},
                "no_device": "",
                "virtual_name": "ephemeral0"
              },
              {
                "device_name": "/dev/sdc",
                "ebs": {},
                "no_device": "",
                "virtual_name": "ephemeral1"
              }
            ],
            "boot_mode": "legacy-bios",
            "creation_date": "2023-09-19T05:31:44.000Z",
            "deprecation_time": "2025-09-19T05:31:44.000Z",
            "description": "Canonical, Ubuntu, 22.04 LTS, amd64 jammy image build on 2023-09-19",
            "ena_support": true,
            "executable_users": null,
            "filter": [
              {
                "name": "name",
                "values": [
                  "ubuntu/images/hvm-ssd/ubuntu-jammy-22.04-amd64-*"
                ]
              },
              {
                "name": "virtualization-type",
                "values": [
                  "hvm"
                ]
              }
            ],
            "hypervisor": "xen",
            "id": "ami-0e83be366243f524a",
            "image_id": "ami-0e83be366243f524a",
            "image_location": "amazon/ubuntu/images/hvm-ssd/ubuntu-jammy-22.04-amd64-server-20230919",
            "image_owner_alias": "amazon",
            "image_type": "machine",
            "imds_support": "",
            "include_deprecated": false,
            "kernel_id": "",
            "most_recent": true,
            "name": "ubuntu/images/hvm-ssd/ubuntu-jammy-22.04-amd64-server-20230919",
            "name_regex": null,
            "owner_id": "099720109477",
            "owners": [
              "amazon"
            ],
            "platform": "",
            "platform_details": "Linux/UNIX",
            "product_codes": [],
            "public": true,
            "ramdisk_id": "",
            "root_device_name": "/dev/sda1",
            "root_device_type": "ebs",
            "root_snapshot_id": "snap-0b211a0bf8d45b33f",
            "sriov_net_support": "simple",
            "state": "available",
            "state_reason": {
              "code": "UNSET",
              "message": "UNSET"
            },
            "tags": {},
            "timeouts": null,
            "tpm_support": "",
            "usage_operation": "RunInstances",
            "virtualization_type": "hvm"
          },
          "sensitive_attributes": []
        }
      ]
    },
    {
      "mode": "data",
      "type": "aws_iam_policy_document",
      "name": "csi",
      "provider": "provider[\"registry.terraform.io/hashicorp/aws\"]",
      "instances": [
        {
          "schema_version": 0,
          "attributes": {
            "id": "1012674355",
            "json": "{\n  \"Version\": \"2012-10-17\",\n  \"Statement\": [\n    {\n      \"Effect\": \"Allow\",\n      \"Action\": \"sts:AssumeRoleWithWebIdentity\",\n      \"Principal\": {\n        \"Federated\": \"arn:aws:iam::542742021505:oidc-provider/oidc.eks.us-east-2.amazonaws.com/id/C065AFC3BABCD2F95DA0C29FFF96E478\"\n      },\n      \"Condition\": {\n        \"StringEquals\": {\n          \"oidc.eks.us-east-2.amazonaws.com/id/C065AFC3BABCD2F95DA0C29FFF96E478:sub\": \"system:serviceaccount:kube-system:ebs-csi-controller-sa\"\n        }\n      }\n    }\n  ]\n}",
            "override_policy_documents": null,
            "policy_id": null,
            "source_policy_documents": null,
            "statement": [
              {
                "actions": [
                  "sts:AssumeRoleWithWebIdentity"
                ],
                "condition": [
                  {
                    "test": "StringEquals",
                    "values": [
                      "system:serviceaccount:kube-system:ebs-csi-controller-sa"
                    ],
                    "variable": "oidc.eks.us-east-2.amazonaws.com/id/C065AFC3BABCD2F95DA0C29FFF96E478:sub"
                  }
                ],
                "effect": "Allow",
                "not_actions": [],
                "not_principals": [],
                "not_resources": [],
                "principals": [
                  {
                    "identifiers": [
                      "arn:aws:iam::542742021505:oidc-provider/oidc.eks.us-east-2.amazonaws.com/id/C065AFC3BABCD2F95DA0C29FFF96E478"
                    ],
                    "type": "Federated"
                  }
                ],
                "resources": [],
                "sid": ""
              }
            ],
            "version": "2012-10-17"
          },
          "sensitive_attributes": []
        }
      ]
    },
    {
      "mode": "data",
      "type": "aws_iam_policy_document",
      "name": "grafana",
      "provider": "provider[\"registry.terraform.io/hashicorp/aws\"]",
      "instances": [
        {
          "schema_version": 0,
          "attributes": {
            "id": "1656262736",
            "json": "{\n  \"Version\": \"2012-10-17\",\n  \"Statement\": [\n    {\n      \"Effect\": \"Allow\",\n      \"Action\": \"sts::AssumeRoleWithWebIdentity\",\n      \"Principal\": {\n        \"Federated\": \"arn:aws:iam::542742021505:oidc-provider/oidc.eks.us-east-2.amazonaws.com/id/C065AFC3BABCD2F95DA0C29FFF96E478\"\n      },\n      \"Condition\": {\n        \"StringEquals\": {\n          \"oidc.eks.us-east-2.amazonaws.com/id/C065AFC3BABCD2F95DA0C29FFF96E478\": \"system:serviceaccount:monitoring:grafana\"\n        }\n      }\n    }\n  ]\n}",
            "override_policy_documents": null,
            "policy_id": null,
            "source_policy_documents": null,
            "statement": [
              {
                "actions": [
                  "sts::AssumeRoleWithWebIdentity"
                ],
                "condition": [
                  {
                    "test": "StringEquals",
                    "values": [
                      "system:serviceaccount:monitoring:grafana"
                    ],
                    "variable": "oidc.eks.us-east-2.amazonaws.com/id/C065AFC3BABCD2F95DA0C29FFF96E478"
                  }
                ],
                "effect": "Allow",
                "not_actions": [],
                "not_principals": [],
                "not_resources": [],
                "principals": [
                  {
                    "identifiers": [
                      "arn:aws:iam::542742021505:oidc-provider/oidc.eks.us-east-2.amazonaws.com/id/C065AFC3BABCD2F95DA0C29FFF96E478"
                    ],
                    "type": "Federated"
                  }
                ],
                "resources": [],
                "sid": ""
              }
            ],
            "version": "2012-10-17"
          },
          "sensitive_attributes": []
        }
      ]
    },
    {
      "mode": "data",
      "type": "aws_iam_policy_document",
      "name": "prometheus",
      "provider": "provider[\"registry.terraform.io/hashicorp/aws\"]",
      "instances": [
        {
          "schema_version": 0,
          "attributes": {
            "id": "3517402818",
            "json": "{\n  \"Version\": \"2012-10-17\",\n  \"Statement\": [\n    {\n      \"Effect\": \"Allow\",\n      \"Action\": \"sts:AssumeRoleWithWebIdentity\",\n      \"Principal\": {\n        \"Federated\": \"arn:aws:iam::542742021505:oidc-provider/oidc.eks.us-east-2.amazonaws.com/id/C065AFC3BABCD2F95DA0C29FFF96E478\"\n      },\n      \"Condition\": {\n        \"StringEquals\": {\n          \"oidc.eks.us-east-2.amazonaws.com/id/C065AFC3BABCD2F95DA0C29FFF96E478:sub\": \"system:serviceaccount:monitoring:prometheus\"\n        }\n      }\n    }\n  ]\n}",
            "override_policy_documents": null,
            "policy_id": null,
            "source_policy_documents": null,
            "statement": [
              {
                "actions": [
                  "sts:AssumeRoleWithWebIdentity"
                ],
                "condition": [
                  {
                    "test": "StringEquals",
                    "values": [
                      "system:serviceaccount:monitoring:prometheus"
                    ],
                    "variable": "oidc.eks.us-east-2.amazonaws.com/id/C065AFC3BABCD2F95DA0C29FFF96E478:sub"
                  }
                ],
                "effect": "Allow",
                "not_actions": [],
                "not_principals": [],
                "not_resources": [],
                "principals": [
                  {
                    "identifiers": [
                      "arn:aws:iam::542742021505:oidc-provider/oidc.eks.us-east-2.amazonaws.com/id/C065AFC3BABCD2F95DA0C29FFF96E478"
                    ],
                    "type": "Federated"
                  }
                ],
                "resources": [],
                "sid": ""
              }
            ],
            "version": "2012-10-17"
          },
          "sensitive_attributes": []
        }
      ]
    },
    {
      "mode": "data",
      "type": "helm_template",
      "name": "grafana",
      "provider": "provider[\"registry.terraform.io/hashicorp/helm\"]",
      "instances": [
        {
          "schema_version": 0,
          "attributes": {
            "api_versions": null,
            "atomic": false,
            "chart": "grafana",
            "crds": [],
            "create_namespace": true,
            "dependency_update": false,
            "description": null,
            "devel": null,
            "disable_openapi_validation": false,
            "disable_webhooks": false,
            "id": "grafana",
            "include_crds": false,
            "is_upgrade": false,
            "keyring": null,
            "kube_version": null,
            "manifest": "---\n# Source: grafana/templates/serviceaccount.yaml\napiVersion: v1\nkind: ServiceAccount\nmetadata:\n  labels:\n    helm.sh/chart: grafana-6.50.7\n    app.kubernetes.io/name: grafana\n    app.kubernetes.io/instance: grafana\n    app.kubernetes.io/version: \"9.3.6\"\n    app.kubernetes.io/managed-by: Helm\n  name: grafana\n  namespace: monitoring\n---\n# Source: grafana/templates/secret.yaml\napiVersion: v1\nkind: Secret\nmetadata:\n  name: grafana\n  namespace: monitoring\n  labels:\n    helm.sh/chart: grafana-6.50.7\n    app.kubernetes.io/name: grafana\n    app.kubernetes.io/instance: grafana\n    app.kubernetes.io/version: \"9.3.6\"\n    app.kubernetes.io/managed-by: Helm\ntype: Opaque\ndata:\n  admin-user: \"YWRtaW4=\"\n  admin-password: \"ZGV2b3BzMTIz\"\n  ldap-toml: \"\"\n---\n# Source: grafana/templates/tests/test-serviceaccount.yaml\napiVersion: v1\nkind: ServiceAccount\nmetadata:\n  labels:\n    helm.sh/chart: grafana-6.50.7\n    app.kubernetes.io/name: grafana\n    app.kubernetes.io/instance: grafana\n    app.kubernetes.io/version: \"9.3.6\"\n    app.kubernetes.io/managed-by: Helm\n  name: grafana-test\n  namespace: monitoring\n  annotations:\n    \"helm.sh/hook\": test-success\n    \"helm.sh/hook-delete-policy\": \"before-hook-creation,hook-succeeded\"\n---\n# Source: grafana/templates/tests/test-configmap.yaml\napiVersion: v1\nkind: ConfigMap\nmetadata:\n  name: grafana-test\n  namespace: monitoring\n  annotations:\n    \"helm.sh/hook\": test-success\n    \"helm.sh/hook-delete-policy\": \"before-hook-creation,hook-succeeded\"\n  labels:\n    helm.sh/chart: grafana-6.50.7\n    app.kubernetes.io/name: grafana\n    app.kubernetes.io/instance: grafana\n    app.kubernetes.io/version: \"9.3.6\"\n    app.kubernetes.io/managed-by: Helm\ndata:\n  run.sh: |-\n    @test \"Test Health\" {\n      url=\"http://grafana/api/health\"\n\n      code=$(wget --server-response --spider --timeout 90 --tries 10 ${url} 2\u003e\u00261 | awk '/^  HTTP/{print $2}')\n      [ \"$code\" == \"200\" ]\n    }\n---\n# Source: grafana/templates/tests/test.yaml\napiVersion: v1\nkind: Pod\nmetadata:\n  name: grafana-test\n  labels:\n    helm.sh/chart: grafana-6.50.7\n    app.kubernetes.io/name: grafana\n    app.kubernetes.io/instance: grafana\n    app.kubernetes.io/version: \"9.3.6\"\n    app.kubernetes.io/managed-by: Helm\n  annotations:\n    \"helm.sh/hook\": test-success\n    \"helm.sh/hook-delete-policy\": \"before-hook-creation,hook-succeeded\"\n  namespace: monitoring\nspec:\n  serviceAccountName: grafana-test\n  containers:\n    - name: grafana-test\n      image: \"bats/bats:v1.4.1\"\n      imagePullPolicy: \"IfNotPresent\"\n      command: [\"/opt/bats/bin/bats\", \"-t\", \"/tests/run.sh\"]\n      volumeMounts:\n        - mountPath: /tests\n          name: tests\n          readOnly: true\n  volumes:\n    - name: tests\n      configMap:\n        name: grafana-test\n  restartPolicy: Never\n---\n# Source: grafana/templates/configmap.yaml\napiVersion: v1\nkind: ConfigMap\nmetadata:\n  name: grafana\n  namespace: monitoring\n  labels:\n    helm.sh/chart: grafana-6.50.7\n    app.kubernetes.io/name: grafana\n    app.kubernetes.io/instance: grafana\n    app.kubernetes.io/version: \"9.3.6\"\n    app.kubernetes.io/managed-by: Helm\ndata:\n  grafana.ini: |\n    [analytics]\n    check_for_updates = true\n    [grafana_net]\n    url = https://grafana.net\n    [log]\n    mode = console\n    [paths]\n    data = /var/lib/grafana/\n    logs = /var/log/grafana\n    plugins = /var/lib/grafana/plugins\n    provisioning = /etc/grafana/provisioning\n    [server]\n    domain = ''\n---\n# Source: grafana/templates/pvc.yaml\napiVersion: v1\nkind: PersistentVolumeClaim\nmetadata:\n  name: grafana\n  namespace: monitoring\n  labels:\n    helm.sh/chart: grafana-6.50.7\n    app.kubernetes.io/name: grafana\n    app.kubernetes.io/instance: grafana\n    app.kubernetes.io/version: \"9.3.6\"\n    app.kubernetes.io/managed-by: Helm\n  finalizers:\n    - kubernetes.io/pvc-protection\nspec:\n  accessModes:\n    - \"ReadWriteOnce\"\n  resources:\n    requests:\n      storage: \"8Gi\"\n---\n# Source: grafana/templates/clusterrole.yaml\nkind: ClusterRole\napiVersion: rbac.authorization.k8s.io/v1\nmetadata:\n  labels:\n    helm.sh/chart: grafana-6.50.7\n    app.kubernetes.io/name: grafana\n    app.kubernetes.io/instance: grafana\n    app.kubernetes.io/version: \"9.3.6\"\n    app.kubernetes.io/managed-by: Helm\n  name: grafana-clusterrole\nrules: []\n---\n# Source: grafana/templates/clusterrolebinding.yaml\nkind: ClusterRoleBinding\napiVersion: rbac.authorization.k8s.io/v1\nmetadata:\n  name: grafana-clusterrolebinding\n  labels:\n    helm.sh/chart: grafana-6.50.7\n    app.kubernetes.io/name: grafana\n    app.kubernetes.io/instance: grafana\n    app.kubernetes.io/version: \"9.3.6\"\n    app.kubernetes.io/managed-by: Helm\nsubjects:\n  - kind: ServiceAccount\n    name: grafana\n    namespace: monitoring\nroleRef:\n  kind: ClusterRole\n  name: grafana-clusterrole\n  apiGroup: rbac.authorization.k8s.io\n---\n# Source: grafana/templates/role.yaml\napiVersion: rbac.authorization.k8s.io/v1\nkind: Role\nmetadata:\n  name: grafana\n  namespace: monitoring\n  labels:\n    helm.sh/chart: grafana-6.50.7\n    app.kubernetes.io/name: grafana\n    app.kubernetes.io/instance: grafana\n    app.kubernetes.io/version: \"9.3.6\"\n    app.kubernetes.io/managed-by: Helm\nrules:\n  - apiGroups:      ['extensions']\n    resources:      ['podsecuritypolicies']\n    verbs:          ['use']\n    resourceNames:  [grafana]\n---\n# Source: grafana/templates/rolebinding.yaml\napiVersion: rbac.authorization.k8s.io/v1\nkind: RoleBinding\nmetadata:\n  name: grafana\n  namespace: monitoring\n  labels:\n    helm.sh/chart: grafana-6.50.7\n    app.kubernetes.io/name: grafana\n    app.kubernetes.io/instance: grafana\n    app.kubernetes.io/version: \"9.3.6\"\n    app.kubernetes.io/managed-by: Helm\nroleRef:\n  apiGroup: rbac.authorization.k8s.io\n  kind: Role\n  name: grafana\nsubjects:\n- kind: ServiceAccount\n  name: grafana\n  namespace: monitoring\n---\n# Source: grafana/templates/service.yaml\napiVersion: v1\nkind: Service\nmetadata:\n  name: grafana\n  namespace: monitoring\n  labels:\n    helm.sh/chart: grafana-6.50.7\n    app.kubernetes.io/name: grafana\n    app.kubernetes.io/instance: grafana\n    app.kubernetes.io/version: \"9.3.6\"\n    app.kubernetes.io/managed-by: Helm\nspec:\n  type: ClusterIP\n  ports:\n    - name: service\n      port: 80\n      protocol: TCP\n      targetPort: 3000\n  selector:\n    app.kubernetes.io/name: grafana\n    app.kubernetes.io/instance: grafana\n---\n# Source: grafana/templates/deployment.yaml\napiVersion: apps/v1\nkind: Deployment\nmetadata:\n  name: grafana\n  namespace: monitoring\n  labels:\n    helm.sh/chart: grafana-6.50.7\n    app.kubernetes.io/name: grafana\n    app.kubernetes.io/instance: grafana\n    app.kubernetes.io/version: \"9.3.6\"\n    app.kubernetes.io/managed-by: Helm\nspec:\n  replicas: 1\n  revisionHistoryLimit: 10\n  selector:\n    matchLabels:\n      app.kubernetes.io/name: grafana\n      app.kubernetes.io/instance: grafana\n  strategy:\n    type: RollingUpdate\n  template:\n    metadata:\n      labels:\n        app.kubernetes.io/name: grafana\n        app.kubernetes.io/instance: grafana\n      annotations:\n        checksum/config: 056d226d0106d8bf12700fb9960ba104f9a93e7c755c312e0675dd380d506fbf\n        checksum/dashboards-json-config: 01ba4719c80b6fe911b091a7c05124b64eeece964e09c058ef8f9805daca546b\n        checksum/sc-dashboard-provider-config: 01ba4719c80b6fe911b091a7c05124b64eeece964e09c058ef8f9805daca546b\n        checksum/secret: e99e0a72172c27f3dd1c69b25e1bad7210cd92d3712f6641b42d4bd6949293a3\n    spec:\n      \n      serviceAccountName: grafana\n      automountServiceAccountToken: true\n      securityContext:\n        fsGroup: 472\n        runAsGroup: 472\n        runAsUser: 472\n      initContainers:\n        - name: init-chown-data\n          image: \"busybox:1.31.1\"\n          imagePullPolicy: IfNotPresent\n          securityContext:\n            runAsNonRoot: false\n            runAsUser: 0\n          command:\n            - chown\n            - -R\n            - 472:472\n            - /var/lib/grafana\n          volumeMounts:\n            - name: storage\n              mountPath: \"/var/lib/grafana\"\n      enableServiceLinks: true\n      containers:\n        - name: grafana\n          image: \"grafana/grafana:9.3.6\"\n          imagePullPolicy: IfNotPresent\n          volumeMounts:\n            - name: config\n              mountPath: \"/etc/grafana/grafana.ini\"\n              subPath: grafana.ini\n            - name: storage\n              mountPath: \"/var/lib/grafana\"\n          ports:\n            - name: grafana\n              containerPort: 3000\n              protocol: TCP\n            - name: gossip-tcp\n              containerPort: 9094\n              protocol: TCP\n            - name: gossip-udp\n              containerPort: 9094\n              protocol: UDP\n          env:\n            - name: POD_IP\n              valueFrom:\n                fieldRef:\n                  fieldPath: status.podIP\n            - name: GF_SECURITY_ADMIN_USER\n              valueFrom:\n                secretKeyRef:\n                  name: grafana\n                  key: admin-user\n            - name: GF_SECURITY_ADMIN_PASSWORD\n              valueFrom:\n                secretKeyRef:\n                  name: grafana\n                  key: admin-password\n            - name: GF_PATHS_DATA\n              value: /var/lib/grafana/\n            - name: GF_PATHS_LOGS\n              value: /var/log/grafana\n            - name: GF_PATHS_PLUGINS\n              value: /var/lib/grafana/plugins\n            - name: GF_PATHS_PROVISIONING\n              value: /etc/grafana/provisioning\n          livenessProbe:\n            failureThreshold: 10\n            httpGet:\n              path: /api/health\n              port: 3000\n            initialDelaySeconds: 60\n            timeoutSeconds: 30\n          readinessProbe:\n            httpGet:\n              path: /api/health\n              port: 3000\n      volumes:\n        - name: config\n          configMap:\n            name: grafana\n        - name: storage\n          persistentVolumeClaim:\n            claimName: grafana\n",
            "manifests": {
              "templates/clusterrole.yaml": "---\n# Source: grafana/templates/clusterrole.yaml\nkind: ClusterRole\napiVersion: rbac.authorization.k8s.io/v1\nmetadata:\n  labels:\n    helm.sh/chart: grafana-6.50.7\n    app.kubernetes.io/name: grafana\n    app.kubernetes.io/instance: grafana\n    app.kubernetes.io/version: \"9.3.6\"\n    app.kubernetes.io/managed-by: Helm\n  name: grafana-clusterrole\nrules: []\n",
              "templates/clusterrolebinding.yaml": "---\n# Source: grafana/templates/clusterrolebinding.yaml\nkind: ClusterRoleBinding\napiVersion: rbac.authorization.k8s.io/v1\nmetadata:\n  name: grafana-clusterrolebinding\n  labels:\n    helm.sh/chart: grafana-6.50.7\n    app.kubernetes.io/name: grafana\n    app.kubernetes.io/instance: grafana\n    app.kubernetes.io/version: \"9.3.6\"\n    app.kubernetes.io/managed-by: Helm\nsubjects:\n  - kind: ServiceAccount\n    name: grafana\n    namespace: monitoring\nroleRef:\n  kind: ClusterRole\n  name: grafana-clusterrole\n  apiGroup: rbac.authorization.k8s.io\n",
              "templates/configmap.yaml": "---\n# Source: grafana/templates/configmap.yaml\napiVersion: v1\nkind: ConfigMap\nmetadata:\n  name: grafana\n  namespace: monitoring\n  labels:\n    helm.sh/chart: grafana-6.50.7\n    app.kubernetes.io/name: grafana\n    app.kubernetes.io/instance: grafana\n    app.kubernetes.io/version: \"9.3.6\"\n    app.kubernetes.io/managed-by: Helm\ndata:\n  grafana.ini: |\n    [analytics]\n    check_for_updates = true\n    [grafana_net]\n    url = https://grafana.net\n    [log]\n    mode = console\n    [paths]\n    data = /var/lib/grafana/\n    logs = /var/log/grafana\n    plugins = /var/lib/grafana/plugins\n    provisioning = /etc/grafana/provisioning\n    [server]\n    domain = ''\n",
              "templates/deployment.yaml": "---\n# Source: grafana/templates/deployment.yaml\napiVersion: apps/v1\nkind: Deployment\nmetadata:\n  name: grafana\n  namespace: monitoring\n  labels:\n    helm.sh/chart: grafana-6.50.7\n    app.kubernetes.io/name: grafana\n    app.kubernetes.io/instance: grafana\n    app.kubernetes.io/version: \"9.3.6\"\n    app.kubernetes.io/managed-by: Helm\nspec:\n  replicas: 1\n  revisionHistoryLimit: 10\n  selector:\n    matchLabels:\n      app.kubernetes.io/name: grafana\n      app.kubernetes.io/instance: grafana\n  strategy:\n    type: RollingUpdate\n  template:\n    metadata:\n      labels:\n        app.kubernetes.io/name: grafana\n        app.kubernetes.io/instance: grafana\n      annotations:\n        checksum/config: 056d226d0106d8bf12700fb9960ba104f9a93e7c755c312e0675dd380d506fbf\n        checksum/dashboards-json-config: 01ba4719c80b6fe911b091a7c05124b64eeece964e09c058ef8f9805daca546b\n        checksum/sc-dashboard-provider-config: 01ba4719c80b6fe911b091a7c05124b64eeece964e09c058ef8f9805daca546b\n        checksum/secret: e99e0a72172c27f3dd1c69b25e1bad7210cd92d3712f6641b42d4bd6949293a3\n    spec:\n      \n      serviceAccountName: grafana\n      automountServiceAccountToken: true\n      securityContext:\n        fsGroup: 472\n        runAsGroup: 472\n        runAsUser: 472\n      initContainers:\n        - name: init-chown-data\n          image: \"busybox:1.31.1\"\n          imagePullPolicy: IfNotPresent\n          securityContext:\n            runAsNonRoot: false\n            runAsUser: 0\n          command:\n            - chown\n            - -R\n            - 472:472\n            - /var/lib/grafana\n          volumeMounts:\n            - name: storage\n              mountPath: \"/var/lib/grafana\"\n      enableServiceLinks: true\n      containers:\n        - name: grafana\n          image: \"grafana/grafana:9.3.6\"\n          imagePullPolicy: IfNotPresent\n          volumeMounts:\n            - name: config\n              mountPath: \"/etc/grafana/grafana.ini\"\n              subPath: grafana.ini\n            - name: storage\n              mountPath: \"/var/lib/grafana\"\n          ports:\n            - name: grafana\n              containerPort: 3000\n              protocol: TCP\n            - name: gossip-tcp\n              containerPort: 9094\n              protocol: TCP\n            - name: gossip-udp\n              containerPort: 9094\n              protocol: UDP\n          env:\n            - name: POD_IP\n              valueFrom:\n                fieldRef:\n                  fieldPath: status.podIP\n            - name: GF_SECURITY_ADMIN_USER\n              valueFrom:\n                secretKeyRef:\n                  name: grafana\n                  key: admin-user\n            - name: GF_SECURITY_ADMIN_PASSWORD\n              valueFrom:\n                secretKeyRef:\n                  name: grafana\n                  key: admin-password\n            - name: GF_PATHS_DATA\n              value: /var/lib/grafana/\n            - name: GF_PATHS_LOGS\n              value: /var/log/grafana\n            - name: GF_PATHS_PLUGINS\n              value: /var/lib/grafana/plugins\n            - name: GF_PATHS_PROVISIONING\n              value: /etc/grafana/provisioning\n          livenessProbe:\n            failureThreshold: 10\n            httpGet:\n              path: /api/health\n              port: 3000\n            initialDelaySeconds: 60\n            timeoutSeconds: 30\n          readinessProbe:\n            httpGet:\n              path: /api/health\n              port: 3000\n      volumes:\n        - name: config\n          configMap:\n            name: grafana\n        - name: storage\n          persistentVolumeClaim:\n            claimName: grafana\n",
              "templates/pvc.yaml": "---\n# Source: grafana/templates/pvc.yaml\napiVersion: v1\nkind: PersistentVolumeClaim\nmetadata:\n  name: grafana\n  namespace: monitoring\n  labels:\n    helm.sh/chart: grafana-6.50.7\n    app.kubernetes.io/name: grafana\n    app.kubernetes.io/instance: grafana\n    app.kubernetes.io/version: \"9.3.6\"\n    app.kubernetes.io/managed-by: Helm\n  finalizers:\n    - kubernetes.io/pvc-protection\nspec:\n  accessModes:\n    - \"ReadWriteOnce\"\n  resources:\n    requests:\n      storage: \"8Gi\"\n",
              "templates/role.yaml": "---\n# Source: grafana/templates/role.yaml\napiVersion: rbac.authorization.k8s.io/v1\nkind: Role\nmetadata:\n  name: grafana\n  namespace: monitoring\n  labels:\n    helm.sh/chart: grafana-6.50.7\n    app.kubernetes.io/name: grafana\n    app.kubernetes.io/instance: grafana\n    app.kubernetes.io/version: \"9.3.6\"\n    app.kubernetes.io/managed-by: Helm\nrules:\n  - apiGroups:      ['extensions']\n    resources:      ['podsecuritypolicies']\n    verbs:          ['use']\n    resourceNames:  [grafana]\n",
              "templates/rolebinding.yaml": "---\n# Source: grafana/templates/rolebinding.yaml\napiVersion: rbac.authorization.k8s.io/v1\nkind: RoleBinding\nmetadata:\n  name: grafana\n  namespace: monitoring\n  labels:\n    helm.sh/chart: grafana-6.50.7\n    app.kubernetes.io/name: grafana\n    app.kubernetes.io/instance: grafana\n    app.kubernetes.io/version: \"9.3.6\"\n    app.kubernetes.io/managed-by: Helm\nroleRef:\n  apiGroup: rbac.authorization.k8s.io\n  kind: Role\n  name: grafana\nsubjects:\n- kind: ServiceAccount\n  name: grafana\n  namespace: monitoring\n",
              "templates/secret.yaml": "---\n# Source: grafana/templates/secret.yaml\napiVersion: v1\nkind: Secret\nmetadata:\n  name: grafana\n  namespace: monitoring\n  labels:\n    helm.sh/chart: grafana-6.50.7\n    app.kubernetes.io/name: grafana\n    app.kubernetes.io/instance: grafana\n    app.kubernetes.io/version: \"9.3.6\"\n    app.kubernetes.io/managed-by: Helm\ntype: Opaque\ndata:\n  admin-user: \"YWRtaW4=\"\n  admin-password: \"ZGV2b3BzMTIz\"\n  ldap-toml: \"\"\n",
              "templates/service.yaml": "---\n# Source: grafana/templates/service.yaml\napiVersion: v1\nkind: Service\nmetadata:\n  name: grafana\n  namespace: monitoring\n  labels:\n    helm.sh/chart: grafana-6.50.7\n    app.kubernetes.io/name: grafana\n    app.kubernetes.io/instance: grafana\n    app.kubernetes.io/version: \"9.3.6\"\n    app.kubernetes.io/managed-by: Helm\nspec:\n  type: ClusterIP\n  ports:\n    - name: service\n      port: 80\n      protocol: TCP\n      targetPort: 3000\n  selector:\n    app.kubernetes.io/name: grafana\n    app.kubernetes.io/instance: grafana\n",
              "templates/serviceaccount.yaml": "---\n# Source: grafana/templates/serviceaccount.yaml\napiVersion: v1\nkind: ServiceAccount\nmetadata:\n  labels:\n    helm.sh/chart: grafana-6.50.7\n    app.kubernetes.io/name: grafana\n    app.kubernetes.io/instance: grafana\n    app.kubernetes.io/version: \"9.3.6\"\n    app.kubernetes.io/managed-by: Helm\n  name: grafana\n  namespace: monitoring\n",
              "templates/tests/test-configmap.yaml": "---\n# Source: grafana/templates/tests/test-configmap.yaml\napiVersion: v1\nkind: ConfigMap\nmetadata:\n  name: grafana-test\n  namespace: monitoring\n  annotations:\n    \"helm.sh/hook\": test-success\n    \"helm.sh/hook-delete-policy\": \"before-hook-creation,hook-succeeded\"\n  labels:\n    helm.sh/chart: grafana-6.50.7\n    app.kubernetes.io/name: grafana\n    app.kubernetes.io/instance: grafana\n    app.kubernetes.io/version: \"9.3.6\"\n    app.kubernetes.io/managed-by: Helm\ndata:\n  run.sh: |-\n    @test \"Test Health\" {\n      url=\"http://grafana/api/health\"\n\n      code=$(wget --server-response --spider --timeout 90 --tries 10 ${url} 2\u003e\u00261 | awk '/^  HTTP/{print $2}')\n      [ \"$code\" == \"200\" ]\n    }\n",
              "templates/tests/test-serviceaccount.yaml": "---\n# Source: grafana/templates/tests/test-serviceaccount.yaml\napiVersion: v1\nkind: ServiceAccount\nmetadata:\n  labels:\n    helm.sh/chart: grafana-6.50.7\n    app.kubernetes.io/name: grafana\n    app.kubernetes.io/instance: grafana\n    app.kubernetes.io/version: \"9.3.6\"\n    app.kubernetes.io/managed-by: Helm\n  name: grafana-test\n  namespace: monitoring\n  annotations:\n    \"helm.sh/hook\": test-success\n    \"helm.sh/hook-delete-policy\": \"before-hook-creation,hook-succeeded\"\n",
              "templates/tests/test.yaml": "---\n# Source: grafana/templates/tests/test.yaml\napiVersion: v1\nkind: Pod\nmetadata:\n  name: grafana-test\n  labels:\n    helm.sh/chart: grafana-6.50.7\n    app.kubernetes.io/name: grafana\n    app.kubernetes.io/instance: grafana\n    app.kubernetes.io/version: \"9.3.6\"\n    app.kubernetes.io/managed-by: Helm\n  annotations:\n    \"helm.sh/hook\": test-success\n    \"helm.sh/hook-delete-policy\": \"before-hook-creation,hook-succeeded\"\n  namespace: monitoring\nspec:\n  serviceAccountName: grafana-test\n  containers:\n    - name: grafana-test\n      image: \"bats/bats:v1.4.1\"\n      imagePullPolicy: \"IfNotPresent\"\n      command: [\"/opt/bats/bin/bats\", \"-t\", \"/tests/run.sh\"]\n      volumeMounts:\n        - mountPath: /tests\n          name: tests\n          readOnly: true\n  volumes:\n    - name: tests\n      configMap:\n        name: grafana-test\n  restartPolicy: Never\n"
            },
            "name": "grafana",
            "namespace": "monitoring",
            "notes": "1. Get your 'admin' user password by running:\n\n   kubectl get secret --namespace monitoring grafana -o jsonpath=\"{.data.admin-password}\" | base64 --decode ; echo\n\n2. The Grafana server can be accessed via port 80 on the following DNS name from within your cluster:\n\n   grafana.monitoring.svc.cluster.local\n\n   Get the Grafana URL to visit by running these commands in the same shell:\n     export POD_NAME=$(kubectl get pods --namespace monitoring -l \"app.kubernetes.io/name=grafana,app.kubernetes.io/instance=grafana\" -o jsonpath=\"{.items[0].metadata.name}\")\n     kubectl --namespace monitoring port-forward $POD_NAME 3000\n\n3. Login with the password from step 1 and the username: admin\n",
            "pass_credentials": null,
            "postrender": null,
            "render_subchart_notes": true,
            "replace": false,
            "repository": "https://grafana.github.io/helm-charts",
            "repository_ca_file": null,
            "repository_cert_file": null,
            "repository_key_file": null,
            "repository_password": null,
            "repository_username": null,
            "reset_values": false,
            "reuse_values": false,
            "set": [
              {
                "name": "adminPassword",
                "type": "",
                "value": "devops123"
              },
              {
                "name": "image.tag",
                "type": "",
                "value": "9.3.6"
              },
              {
                "name": "persistence.enabled",
                "type": "",
                "value": "true"
              },
              {
                "name": "persistence.size",
                "type": "",
                "value": "8Gi"
              }
            ],
            "set_list": null,
            "set_sensitive": null,
            "set_string": null,
            "show_only": null,
            "skip_crds": false,
            "skip_tests": null,
            "timeout": 300,
            "validate": false,
            "values": null,
            "verify": false,
            "version": "6.50.7",
            "wait": true
          },
          "sensitive_attributes": []
        }
      ]
    },
    {
      "mode": "data",
      "type": "tls_certificate",
      "name": "eks",
      "provider": "provider[\"registry.terraform.io/hashicorp/tls\"]",
      "instances": [
        {
          "schema_version": 0,
          "attributes": {
            "certificates": [
              {
                "cert_pem": "-----BEGIN CERTIFICATE-----\nMIIEdTCCA12gAwIBAgIJAKcOSkw0grd/MA0GCSqGSIb3DQEBCwUAMGgxCzAJBgNV\nBAYTAlVTMSUwIwYDVQQKExxTdGFyZmllbGQgVGVjaG5vbG9naWVzLCBJbmMuMTIw\nMAYDVQQLEylTdGFyZmllbGQgQ2xhc3MgMiBDZXJ0aWZpY2F0aW9uIEF1dGhvcml0\neTAeFw0wOTA5MDIwMDAwMDBaFw0zNDA2MjgxNzM5MTZaMIGYMQswCQYDVQQGEwJV\nUzEQMA4GA1UECBMHQXJpem9uYTETMBEGA1UEBxMKU2NvdHRzZGFsZTElMCMGA1UE\nChMcU3RhcmZpZWxkIFRlY2hub2xvZ2llcywgSW5jLjE7MDkGA1UEAxMyU3RhcmZp\nZWxkIFNlcnZpY2VzIFJvb3QgQ2VydGlmaWNhdGUgQXV0aG9yaXR5IC0gRzIwggEi\nMA0GCSqGSIb3DQEBAQUAA4IBDwAwggEKAoIBAQDVDDrEKvlO4vW+GZdfjohTsR8/\ny8+fIBNtKTrID30892t2OGPZNmCom15cAICyL1l/9of5JUOG52kbUpqQ4XHj2C0N\nTm/2yEnZtvMaVq4rtnQU68/7JuMauh2WLmo7WJSJR1b/JaCTcFOD2oR0FMNnngRo\nOt+OQFodSk7PQ5E751bWAHDLUu57fa4657wx+UX2wmDPE1kCK4DMNEffud6QZW0C\nzyyRpqbn3oUYSXxmTqM6bam17jQuug0DuDPfR+uxa40l2ZvOgdFFRjKWcIfeAg5J\nQ4W2bHO7ZOphQazJ1FTfhy/HIrImzJ9ZVGif/L4qL8RVHHVAYBeFAlU5i38FAgMB\nAAGjgfAwge0wDwYDVR0TAQH/BAUwAwEB/zAOBgNVHQ8BAf8EBAMCAYYwHQYDVR0O\nBBYEFJxfAN+qAdcwKziIorhtSpzyEZGDMB8GA1UdIwQYMBaAFL9ft9HO3R+G9FtV\nrNzXEMIOqYjnME8GCCsGAQUFBwEBBEMwQTAcBggrBgEFBQcwAYYQaHR0cDovL28u\nc3MyLnVzLzAhBggrBgEFBQcwAoYVaHR0cDovL3guc3MyLnVzL3guY2VyMCYGA1Ud\nHwQfMB0wG6AZoBeGFWh0dHA6Ly9zLnNzMi51cy9yLmNybDARBgNVHSAECjAIMAYG\nBFUdIAAwDQYJKoZIhvcNAQELBQADggEBACMd44pXyn3pF3lM8R5V/cxTbj5HD9/G\nVfKyBDbtgB9TxF00KGu+x1X8Z+rLP3+QsjPNG1gQggL4+C/1E2DUBc7xgQjB3ad1\nl08YuW3e95ORCLp+QCztweq7dp4zBncdDQh/U90bZKuCJ/Fp1U1ervShw3WnWEQt\n8jxwmKy6abaVd38PMV4s/KCHOkdp8Hlf9BRUpJVeEXgSYCfOn8J3/yNTd126/+pZ\n59vPr5KW7ySaNRB6nJHGDn2Z9j8Z3/VyVOEVqQdZe4O/Ui5GjLIAZHYcSNPYeehu\nVsyuLAOQ1xk4meTKCRlb/weWsKh/NEnfVqn3sF/tM+2MR7cwA130A4w=\n-----END CERTIFICATE-----\n",
                "is_ca": true,
                "issuer": "OU=Starfield Class 2 Certification Authority,O=Starfield Technologies\\, Inc.,C=US",
                "not_after": "2034-06-28T17:39:16Z",
                "not_before": "2009-09-02T00:00:00Z",
                "public_key_algorithm": "RSA",
                "serial_number": "12037640545166866303",
                "sha1_fingerprint": "9e99a48a9960b14926bb7f3b02e22da2b0ab7280",
                "signature_algorithm": "SHA256-RSA",
                "subject": "CN=Starfield Services Root Certificate Authority - G2,O=Starfield Technologies\\, Inc.,L=Scottsdale,ST=Arizona,C=US",
                "version": 3
              },
              {
                "cert_pem": "-----BEGIN CERTIFICATE-----\nMIIEkjCCA3qgAwIBAgITBn+USionzfP6wq4rAfkI7rnExjANBgkqhkiG9w0BAQsF\nADCBmDELMAkGA1UEBhMCVVMxEDAOBgNVBAgTB0FyaXpvbmExEzARBgNVBAcTClNj\nb3R0c2RhbGUxJTAjBgNVBAoTHFN0YXJmaWVsZCBUZWNobm9sb2dpZXMsIEluYy4x\nOzA5BgNVBAMTMlN0YXJmaWVsZCBTZXJ2aWNlcyBSb290IENlcnRpZmljYXRlIEF1\ndGhvcml0eSAtIEcyMB4XDTE1MDUyNTEyMDAwMFoXDTM3MTIzMTAxMDAwMFowOTEL\nMAkGA1UEBhMCVVMxDzANBgNVBAoTBkFtYXpvbjEZMBcGA1UEAxMQQW1hem9uIFJv\nb3QgQ0EgMTCCASIwDQYJKoZIhvcNAQEBBQADggEPADCCAQoCggEBALJ4gHHKeNXj\nca9HgFB0fW7Y14h29Jlo91ghYPl0hAEvrAIthtOgQ3pOsqTQNroBvo3bSMgHFzZM\n9O6II8c+6zf1tRn4SWiw3te5djgdYZ6k/oI2peVKVuRF4fn9tBb6dNqcmzU5L/qw\nIFAGbHrQgLKm+a/sRxmPUDgH3KKHOVj4utWp+UhnMJbulHheb4mjUcAwhmahRWa6\nVOujw5H5SNz/0egwLX0tdHA114gk957EWW67c4cX8jJGKLhD+rcdqsq08p8kDi1L\n93FcXmn/6pUCyziKrlA4b9v7LWIbxcceVOF34GfID5yHI9Y/QCB/IIDEgEw+OyQm\njgSubJrIqg0CAwEAAaOCATEwggEtMA8GA1UdEwEB/wQFMAMBAf8wDgYDVR0PAQH/\nBAQDAgGGMB0GA1UdDgQWBBSEGMyFNOy8DJSULghZnMeyEE4KCDAfBgNVHSMEGDAW\ngBScXwDfqgHXMCs4iKK4bUqc8hGRgzB4BggrBgEFBQcBAQRsMGowLgYIKwYBBQUH\nMAGGImh0dHA6Ly9vY3NwLnJvb3RnMi5hbWF6b250cnVzdC5jb20wOAYIKwYBBQUH\nMAKGLGh0dHA6Ly9jcnQucm9vdGcyLmFtYXpvbnRydXN0LmNvbS9yb290ZzIuY2Vy\nMD0GA1UdHwQ2MDQwMqAwoC6GLGh0dHA6Ly9jcmwucm9vdGcyLmFtYXpvbnRydXN0\nLmNvbS9yb290ZzIuY3JsMBEGA1UdIAQKMAgwBgYEVR0gADANBgkqhkiG9w0BAQsF\nAAOCAQEAYjdCXLwQtT6LLOkMm2xF4gcAevnFWAu5CIw+7bMlPLVvUOTNNWqnkzSW\nMiGpSESrnO09tKpzbeR/FoCJbM8oAxiDR3mjEH4wW6w7sGDgd9QIpuEdfF7Au/ma\neyKdpwAJfqxGF4PcnCZXmTA5YpaP7dreqsXMGz7KQ2hsVxa81Q4gLv7/wmpdLqBK\nbRRYh5TmOTFffHPLkIhqhBGWJ6bt2YFGpn6jcgAKUj6DiAdjd4lpFw85hdKrCEVN\n0FE6/V1dN2RMfjCyVSRCnTawXZwXgWHxyvkQAiSr6w10kY17RSlQOYiypok1JR4U\nakcjMS9cmvqtmg5iUaQqqcT5NJ0hGA==\n-----END CERTIFICATE-----\n",
                "is_ca": true,
                "issuer": "CN=Starfield Services Root Certificate Authority - G2,O=Starfield Technologies\\, Inc.,L=Scottsdale,ST=Arizona,C=US",
                "not_after": "2037-12-31T01:00:00Z",
                "not_before": "2015-05-25T12:00:00Z",
                "public_key_algorithm": "RSA",
                "serial_number": "144918191876577076464031512351042010504348870",
                "sha1_fingerprint": "06b25927c42a721631c1efd9431e648fa62e1e39",
                "signature_algorithm": "SHA256-RSA",
                "subject": "CN=Amazon Root CA 1,O=Amazon,C=US",
                "version": 3
              },
              {
                "cert_pem": "-----BEGIN CERTIFICATE-----\nMIIEXjCCA0agAwIBAgITB3MSSkvL1E7HtTvq8ZSELToPoTANBgkqhkiG9w0BAQsF\nADA5MQswCQYDVQQGEwJVUzEPMA0GA1UEChMGQW1hem9uMRkwFwYDVQQDExBBbWF6\nb24gUm9vdCBDQSAxMB4XDTIyMDgyMzIyMjUzMFoXDTMwMDgyMzIyMjUzMFowPDEL\nMAkGA1UEBhMCVVMxDzANBgNVBAoTBkFtYXpvbjEcMBoGA1UEAxMTQW1hem9uIFJT\nQSAyMDQ4IE0wMjCCASIwDQYJKoZIhvcNAQEBBQADggEPADCCAQoCggEBALtDGMZa\nqHneKei1by6+pUPPLljTB143Si6VpEWPc6mSkFhZb/6qrkZyoHlQLbDYnI2D7hD0\nsdzEqfnuAjIsuXQLG3A8TvX6V3oFNBFVe8NlLJHvBseKY88saLwufxkZVwk74g4n\nWlNMXzla9Y5F3wwRHwMVH443xGz6UtGSZSqQ94eFx5X7Tlqt8whi8qCaKdZ5rNak\n+r9nUThOeClqFd4oXych//Rc7Y0eX1KNWHYSI1Nk31mYgiK3JvH063g+K9tHA63Z\neTgKgndlh+WI+zv7i44HepRZjA1FYwYZ9Vv/9UkC5Yz8/yU65fgjaE+wVHM4e/Yy\nC2osrPWE7gJ+dXMCAwEAAaOCAVowggFWMBIGA1UdEwEB/wQIMAYBAf8CAQAwDgYD\nVR0PAQH/BAQDAgGGMB0GA1UdJQQWMBQGCCsGAQUFBwMBBggrBgEFBQcDAjAdBgNV\nHQ4EFgQUwDFSzVpQw4J8dHHOy+mc+XrrguIwHwYDVR0jBBgwFoAUhBjMhTTsvAyU\nlC4IWZzHshBOCggwewYIKwYBBQUHAQEEbzBtMC8GCCsGAQUFBzABhiNodHRwOi8v\nb2NzcC5yb290Y2ExLmFtYXpvbnRydXN0LmNvbTA6BggrBgEFBQcwAoYuaHR0cDov\nL2NydC5yb290Y2ExLmFtYXpvbnRydXN0LmNvbS9yb290Y2ExLmNlcjA/BgNVHR8E\nODA2MDSgMqAwhi5odHRwOi8vY3JsLnJvb3RjYTEuYW1hem9udHJ1c3QuY29tL3Jv\nb3RjYTEuY3JsMBMGA1UdIAQMMAowCAYGZ4EMAQIBMA0GCSqGSIb3DQEBCwUAA4IB\nAQAtTi6Fs0Azfi+iwm7jrz+CSxHH+uHl7Law3MQSXVtR8RV53PtR6r/6gNpqlzdo\nZq4FKbADi1v9Bun8RY8D51uedRfjsbeodizeBB8nXmeyD33Ep7VATj4ozcd31YFV\nfgRhvTSxNrrTlNpWkUk0m3BMPv8sg381HhA6uEYokE5q9uws/3YkKqRiEz3TsaWm\nJqIRZhMbgAfp7O7FUwFIb7UIspogZSKxPIWJpxiPo3TcBambbVtQOcNRWz5qCQdD\nslI2yayq0n2TXoHyNCLEH8rpsJRVILFsg0jc7BaFrMnF462+ajSehgj12IidNeRN\n4zl+EoNaWdpnWndvSpAEkq2P\n-----END CERTIFICATE-----\n",
                "is_ca": true,
                "issuer": "CN=Amazon Root CA 1,O=Amazon,C=US",
                "not_after": "2030-08-23T22:25:30Z",
                "not_before": "2022-08-23T22:25:30Z",
                "public_key_algorithm": "RSA",
                "serial_number": "166129353110899469622597955040406457904926625",
                "sha1_fingerprint": "414a2060b738c635cc7fc243e052615592830c53",
                "signature_algorithm": "SHA256-RSA",
                "subject": "CN=Amazon RSA 2048 M02,O=Amazon,C=US",
                "version": 3
              },
              {
                "cert_pem": "-----BEGIN CERTIFICATE-----\nMIIF6zCCBNOgAwIBAgIQCW0HKsD5GyURhyXex/rJlDANBgkqhkiG9w0BAQsFADA8\nMQswCQYDVQQGEwJVUzEPMA0GA1UEChMGQW1hem9uMRwwGgYDVQQDExNBbWF6b24g\nUlNBIDIwNDggTTAyMB4XDTIzMDQxMzAwMDAwMFoXDTI0MDUxMTIzNTk1OVowKzEp\nMCcGA1UEAxMgb2lkYy5la3MudXMtZWFzdC0yLmFtYXpvbmF3cy5jb20wggEiMA0G\nCSqGSIb3DQEBAQUAA4IBDwAwggEKAoIBAQDFjpgGGZXhdQjDyOrcdG5smK5hX+5G\ngfT1SmaI+ttfDfYOl6k6SNApnXIKaYTAS6SZkbX14Ikp6/xpdiOIMZnuU08tEihb\nbmRTbBEWvRQtLSW+6QqyGdQYbkMC+S5q5hS8nnQIZXmYG0hldZIOfGE37jj/TKM9\nKisasWNxrIIsDlrmtHbeEoEOBaAOWPU/DWG8jWxbme8JNdEqnFNT76vvZIsY28AH\n8khP9vHpUSW635UgyGJNspd3u8svAN7Mv+vje8cJfaI+K+YtTrMmv49vMjpciu80\ngrjoBvBotIw1ZLsO1XFElIodcC4i2rWJ22xwJwlplFR9ud+X3xLYwSlzAgMBAAGj\nggL4MIIC9DAfBgNVHSMEGDAWgBTAMVLNWlDDgnx0cc7L6Zz5euuC4jAdBgNVHQ4E\nFgQU1DecnBH1rlrQI8PdHaTE45L5DncwKwYDVR0RBCQwIoIgb2lkYy5la3MudXMt\nZWFzdC0yLmFtYXpvbmF3cy5jb20wDgYDVR0PAQH/BAQDAgWgMB0GA1UdJQQWMBQG\nCCsGAQUFBwMBBggrBgEFBQcDAjA7BgNVHR8ENDAyMDCgLqAshipodHRwOi8vY3Js\nLnIybTAyLmFtYXpvbnRydXN0LmNvbS9yMm0wMi5jcmwwEwYDVR0gBAwwCjAIBgZn\ngQwBAgEwdQYIKwYBBQUHAQEEaTBnMC0GCCsGAQUFBzABhiFodHRwOi8vb2NzcC5y\nMm0wMi5hbWF6b250cnVzdC5jb20wNgYIKwYBBQUHMAKGKmh0dHA6Ly9jcnQucjJt\nMDIuYW1hem9udHJ1c3QuY29tL3IybTAyLmNlcjAMBgNVHRMBAf8EAjAAMIIBfQYK\nKwYBBAHWeQIEAgSCAW0EggFpAWcAdgDuzdBk1dsazsVct520zROiModGfLzs3sNR\nSFlGcR+1mwAAAYd3+NcOAAAEAwBHMEUCIQCHlY1qn7DzoNygWAqzugUh3g8dQz1K\nsP7VJmC7KhFkJQIgVhwGTwHSZiGLzOX5CzjcJpyFmyIqUyb3/+XiX3vfQlAAdgBz\n2Z6JG0yWeKAgfUed5rLGHNBRXnEZKoxrgBB6wXdytQAAAYd3+Nd1AAAEAwBHMEUC\nIFHrqAO8h/PdQOJk5qIf1akhiStvW69TTF/aJj6C0UJyAiEAuA22o6QXSrPh5rql\nVoCHsge+mKYDzwJg29+Fy6cpeKAAdQBIsONr2qZHNA/lagL6nTDrHFIBy1bdLIHZ\nu7+rOdiEcwAAAYd3+NdEAAAEAwBGMEQCIAaaInHj+uB4m5+kAMHYOt2+sJE1eZwX\nz4WxsIDzbUUEAiBOFyx457aAais5MtZjTqbykHXcG9W53sTJZL53Cy+P6zANBgkq\nhkiG9w0BAQsFAAOCAQEAN2+1CFNDLKW98g93twLkdqsVtUmJ3vXEw8owl4rjc/V+\nRuBI09tvC3MF1MVB9kT/xXWR2QZuBySV9b5+OcdKyqMVBjIWOgHXHcz4BKqJkANZ\nS09ZZoQMBsh06C3Yk5KsoBxACzE5ckYKlPiWjAwo8TAV6gmcZNictd/EkmsXyouE\nUD8sCokEMwCCpuSXcSlphq4L1DFKLrKGzADJUu0wdRkgYTMGBotGc6MKbO02nHK8\nGB7IVWYcnDGqLCNozwvm3a0UXefvEveEYPd007obW1Ey9QBeP7k7HZbVUJ9atSBq\nftsPG6h15OEALUVj6KfPperD32nSQ0ptbKVQR/9ybQ==\n-----END CERTIFICATE-----\n",
                "is_ca": false,
                "issuer": "CN=Amazon RSA 2048 M02,O=Amazon,C=US",
                "not_after": "2024-05-11T23:59:59Z",
                "not_before": "2023-04-13T00:00:00Z",
                "public_key_algorithm": "RSA",
                "serial_number": "12529157683816862830909118128615770516",
                "sha1_fingerprint": "50879ea7f7c29dd615269e559fb061b46bdd3dbe",
                "signature_algorithm": "SHA256-RSA",
                "subject": "CN=oidc.eks.us-east-2.amazonaws.com",
                "version": 3
              }
            ],
            "content": null,
            "id": "7c72bb110518075cbb071e57d125fc3aa17238d9",
            "url": "https://oidc.eks.us-east-2.amazonaws.com/id/C065AFC3BABCD2F95DA0C29FFF96E478",
            "verify_chain": true
          },
          "sensitive_attributes": []
        }
      ]
    },
    {
      "mode": "managed",
      "type": "aws_eip",
      "name": "nat",
      "provider": "provider[\"registry.terraform.io/hashicorp/aws\"]",
      "instances": [
        {
          "schema_version": 0,
          "attributes": {
            "address": null,
            "allocation_id": "eipalloc-0fb90ded04a7ccd36",
            "associate_with_private_ip": null,
            "association_id": "",
            "carrier_ip": "",
            "customer_owned_ip": "",
            "customer_owned_ipv4_pool": "",
            "domain": "vpc",
            "id": "eipalloc-0fb90ded04a7ccd36",
            "instance": "",
            "network_border_group": "us-east-2",
            "network_interface": "",
            "private_dns": null,
            "private_ip": "",
            "public_dns": "ec2-3-13-30-122.us-east-2.compute.amazonaws.com",
            "public_ip": "3.13.30.122",
            "public_ipv4_pool": "amazon",
            "tags": {
              "Name": "dev-nat"
            },
            "tags_all": {
              "Name": "dev-nat"
            },
            "timeouts": null,
            "vpc": true
          },
          "sensitive_attributes": [],
          "private": "eyJlMmJmYjczMC1lY2FhLTExZTYtOGY4OC0zNDM2M2JjN2M0YzAiOnsiZGVsZXRlIjoxODAwMDAwMDAwMDAsInJlYWQiOjkwMDAwMDAwMDAwMCwidXBkYXRlIjozMDAwMDAwMDAwMDB9fQ=="
        }
      ]
    },
    {
      "mode": "managed",
      "type": "aws_eks_addon",
      "name": "driver",
      "provider": "provider[\"registry.terraform.io/hashicorp/aws\"]",
      "instances": []
    },
    {
      "mode": "managed",
      "type": "aws_eks_cluster",
      "name": "eks",
      "provider": "provider[\"registry.terraform.io/hashicorp/aws\"]",
      "instances": [
        {
          "schema_version": 0,
          "attributes": {
            "arn": "arn:aws:eks:us-east-2:542742021505:cluster/dev-demo",
            "certificate_authority": [
              {
                "data": "LS0tLS1CRUdJTiBDRVJUSUZJQ0FURS0tLS0tCk1JSURCVENDQWUyZ0F3SUJBZ0lJVzRnUTdROVlKcHN3RFFZSktvWklodmNOQVFFTEJRQXdGVEVUTUJFR0ExVUUKQXhNS2EzVmlaWEp1WlhSbGN6QWVGdzB5TXpFd01EWXdPVE14TVRKYUZ3MHpNekV3TURNd09UTXhNVEphTUJVeApFekFSQmdOVkJBTVRDbXQxWW1WeWJtVjBaWE13Z2dFaU1BMEdDU3FHU0liM0RRRUJBUVVBQTRJQkR3QXdnZ0VLCkFvSUJBUUQ0dFB3cnUxTVFvem9nUkFlQk9zbytHTUVYWEJZMyt3emwzaGQxUnRtaW5WdHI2cnd3R3E1QjdFRGoKVjdxV0ZRNC95Z09jSFdWaHIyWmU4OUdPbGFJMjZ6SVBjMUE5bENpNk82ZlNrd0x6YmVYNGJYTVA0RDQrWHNENQpvSjhFQnlDclRKaEpaTmRCNDREeHJ3Ymx2ZGxqbUs2MkV5dFhEcHZqdUQxMFo5WDkwdjQ4UWM2UnRlSC82TlBwCjcxSDQraGIzTlpDQkErZWtla09jV1dRTHZHQk9POW15NnFpYjJQQUxSWkJISVM0bFVYcHp4czhlbmR3cWZYR28KblZURmhqSHpIMGxHdEh0dEQ4RDBWV0V4QXBlUFJaSTF3QWVqMGJ0QkRDaTlxZnNBa0poUlNBMVJYVFhsZDNldgpyRmJQN3E2VFZEZnpwSmQ3aEV6aGdkL3lMRnlIQWdNQkFBR2pXVEJYTUE0R0ExVWREd0VCL3dRRUF3SUNwREFQCkJnTlZIUk1CQWY4RUJUQURBUUgvTUIwR0ExVWREZ1FXQkJSVDlFSTBqeVlpS1l0Z2NKcHprdkh6ZVNzQkhUQVYKQmdOVkhSRUVEakFNZ2dwcmRXSmxjbTVsZEdWek1BMEdDU3FHU0liM0RRRUJDd1VBQTRJQkFRQW1NcUlzWkF5SQpScTBoM3pWeTVJZ0svN0NibjR5QkNnN3U4Y0tMR1E4bkJWT240VmRoN1pzbnQ1MkF1aFdzaWwvQTFRR2dER0tjCld6UU1acE1WSm5KakRDOVhETUJDeGg1Z2tBVDFBM3oyN2tjZUg1a013M3VtUEl2QWlNN0RlOXZHbWNxQnk5ZlgKeEZvdmRYbUZBc3p3RW1WbmlpTDBwWG1WVVpwN0ZRRkIvRlNQUUdlZEJTWVVIOEw3WnJqMENnTEJvYWNDQmxMdQp4VW1Gb3BwZnNyclRVa1FuRFVxQ21ndkVuVWYvbGprcjFZUUNEVUVLbEkxS1lwMU1jZTlmcUhxU2RtTkZHekdpCk81YmJwcDB1d1VzaDhTekZONGJtWVJENjBVdWU0a09GaEt1WjE1djB0Z3VwckxMczVpcEhvWTA2amZRL0tNQ0UKVTZSREVFK3lXV0NBCi0tLS0tRU5EIENFUlRJRklDQVRFLS0tLS0K"
              }
            ],
            "cluster_id": null,
            "created_at": "2023-10-06 09:27:19.781 +0000 UTC",
            "enabled_cluster_log_types": null,
            "encryption_config": [],
            "endpoint": "https://C065AFC3BABCD2F95DA0C29FFF96E478.gr7.us-east-2.eks.amazonaws.com",
            "id": "dev-demo",
            "identity": [
              {
                "oidc": [
                  {
                    "issuer": "https://oidc.eks.us-east-2.amazonaws.com/id/C065AFC3BABCD2F95DA0C29FFF96E478"
                  }
                ]
              }
            ],
            "kubernetes_network_config": [
              {
                "ip_family": "ipv4",
                "service_ipv4_cidr": "172.20.0.0/16",
                "service_ipv6_cidr": ""
              }
            ],
            "name": "dev-demo",
            "outpost_config": [],
            "platform_version": "eks.5",
            "role_arn": "arn:aws:iam::542742021505:role/dev-demo-eks-cluster",
            "status": "ACTIVE",
            "tags": null,
            "tags_all": {},
            "timeouts": null,
            "version": "1.27",
            "vpc_config": [
              {
                "cluster_security_group_id": "sg-026a0bcb2163764b8",
                "endpoint_private_access": false,
                "endpoint_public_access": true,
                "public_access_cidrs": [
                  "0.0.0.0/0"
                ],
                "security_group_ids": null,
                "subnet_ids": [
                  "subnet-0094ec93595345681",
                  "subnet-01884cf5071e889e4",
                  "subnet-07f0a94f3ce77928e",
                  "subnet-0c1a41ad5b315bc07"
                ],
                "vpc_id": "vpc-0771ea86e60c38882"
              }
            ]
          },
          "sensitive_attributes": [],
          "private": "eyJlMmJmYjczMC1lY2FhLTExZTYtOGY4OC0zNDM2M2JjN2M0YzAiOnsiY3JlYXRlIjoxODAwMDAwMDAwMDAwLCJkZWxldGUiOjkwMDAwMDAwMDAwMCwidXBkYXRlIjozNjAwMDAwMDAwMDAwfX0=",
          "dependencies": [
            "aws_iam_role.eks",
            "aws_iam_role_policy_attachment.eks",
            "aws_subnet.private_zone1",
            "aws_subnet.private_zone2",
            "aws_subnet.public_zone1",
            "aws_subnet.public_zone2",
            "aws_vpc.main"
          ]
        }
      ]
    },
    {
      "mode": "managed",
      "type": "aws_eks_node_group",
      "name": "general",
      "provider": "provider[\"registry.terraform.io/hashicorp/aws\"]",
      "instances": [
        {
          "schema_version": 0,
          "attributes": {
            "ami_type": "AL2_x86_64",
            "arn": "arn:aws:eks:us-east-2:542742021505:nodegroup/dev-demo/general/a2c5822b-034d-a9ac-5517-fda458970cf7",
            "capacity_type": "ON_DEMAND",
            "cluster_name": "dev-demo",
            "disk_size": 20,
            "force_update_version": null,
            "id": "dev-demo:general",
            "instance_types": [
              "t3.small"
            ],
            "labels": {
              "role": "general"
            },
            "launch_template": [],
            "node_group_name": "general",
            "node_group_name_prefix": "",
            "node_role_arn": "arn:aws:iam::542742021505:role/dev-demo-eks-nodes",
            "release_version": "1.27.5-20231002",
            "remote_access": [],
            "resources": [
              {
                "autoscaling_groups": [
                  {
                    "name": "eks-general-a2c5822b-034d-a9ac-5517-fda458970cf7"
                  }
                ],
                "remote_access_security_group_id": ""
              }
            ],
            "scaling_config": [
              {
                "desired_size": 1,
                "max_size": 5,
                "min_size": 0
              }
            ],
            "status": "ACTIVE",
            "subnet_ids": [
              "subnet-01884cf5071e889e4",
              "subnet-0c1a41ad5b315bc07"
            ],
            "tags": null,
            "tags_all": {},
            "taint": [],
            "timeouts": null,
            "update_config": [
              {
                "max_unavailable": 1,
                "max_unavailable_percentage": 0
              }
            ],
            "version": "1.27"
          },
          "sensitive_attributes": [],
          "private": "eyJlMmJmYjczMC1lY2FhLTExZTYtOGY4OC0zNDM2M2JjN2M0YzAiOnsiY3JlYXRlIjozNjAwMDAwMDAwMDAwLCJkZWxldGUiOjM2MDAwMDAwMDAwMDAsInVwZGF0ZSI6MzYwMDAwMDAwMDAwMH19",
          "dependencies": [
            "aws_eks_cluster.eks",
            "aws_iam_role.eks",
            "aws_iam_role.nodes",
            "aws_iam_role_policy_attachment.amazon_ec2_container_registry_read_only",
            "aws_iam_role_policy_attachment.amazon_eks_cni_policy",
            "aws_iam_role_policy_attachment.amazon_eks_worker_node_policy",
            "aws_iam_role_policy_attachment.eks",
            "aws_subnet.private_zone1",
            "aws_subnet.private_zone2",
            "aws_subnet.public_zone1",
            "aws_subnet.public_zone2",
            "aws_vpc.main"
          ]
        }
      ]
    },
    {
      "mode": "managed",
      "type": "aws_iam_openid_connect_provider",
      "name": "eks",
      "provider": "provider[\"registry.terraform.io/hashicorp/aws\"]",
      "instances": [
        {
          "schema_version": 0,
          "attributes": {
            "arn": "arn:aws:iam::542742021505:oidc-provider/oidc.eks.us-east-2.amazonaws.com/id/C065AFC3BABCD2F95DA0C29FFF96E478",
            "client_id_list": [
              "sts.amazonaws.com"
            ],
            "id": "arn:aws:iam::542742021505:oidc-provider/oidc.eks.us-east-2.amazonaws.com/id/C065AFC3BABCD2F95DA0C29FFF96E478",
            "tags": null,
            "tags_all": {},
            "thumbprint_list": [
              "9e99a48a9960b14926bb7f3b02e22da2b0ab7280"
            ],
            "url": "oidc.eks.us-east-2.amazonaws.com/id/C065AFC3BABCD2F95DA0C29FFF96E478"
          },
          "sensitive_attributes": [],
          "private": "bnVsbA==",
          "dependencies": [
            "aws_eks_cluster.eks",
            "aws_iam_role.eks",
            "aws_iam_role_policy_attachment.eks",
            "aws_subnet.private_zone1",
            "aws_subnet.private_zone2",
            "aws_subnet.public_zone1",
            "aws_subnet.public_zone2",
            "aws_vpc.main",
            "data.tls_certificate.eks"
          ]
        }
      ]
    },
    {
      "mode": "managed",
      "type": "aws_iam_role",
      "name": "eks",
      "provider": "provider[\"registry.terraform.io/hashicorp/aws\"]",
      "instances": [
        {
          "schema_version": 0,
          "attributes": {
            "arn": "arn:aws:iam::542742021505:role/dev-demo-eks-cluster",
            "assume_role_policy": "{\"Statement\":[{\"Action\":\"sts:AssumeRole\",\"Effect\":\"Allow\",\"Principal\":{\"Service\":\"eks.amazonaws.com\"}}],\"Version\":\"2012-10-17\"}",
            "create_date": "2023-10-06T09:26:51Z",
            "description": "",
            "force_detach_policies": false,
            "id": "dev-demo-eks-cluster",
            "inline_policy": [],
            "managed_policy_arns": [],
            "max_session_duration": 3600,
            "name": "dev-demo-eks-cluster",
            "name_prefix": "",
            "path": "/",
            "permissions_boundary": null,
            "tags": null,
            "tags_all": {},
            "unique_id": "AROAX4XPSAWAXMCX3D5PO"
          },
          "sensitive_attributes": [],
          "private": "bnVsbA=="
        }
      ]
    },
    {
      "mode": "managed",
      "type": "aws_iam_role",
      "name": "eks_ebs_csi_driver",
      "provider": "provider[\"registry.terraform.io/hashicorp/aws\"]",
      "instances": [
        {
          "schema_version": 0,
          "attributes": {
            "arn": "arn:aws:iam::542742021505:role/eks-ebs-csi-driver",
            "assume_role_policy": "{\"Statement\":[{\"Action\":\"sts:AssumeRoleWithWebIdentity\",\"Condition\":{\"StringEquals\":{\"oidc.eks.us-east-2.amazonaws.com/id/C065AFC3BABCD2F95DA0C29FFF96E478:sub\":\"system:serviceaccount:kube-system:ebs-csi-controller-sa\"}},\"Effect\":\"Allow\",\"Principal\":{\"Federated\":\"arn:aws:iam::542742021505:oidc-provider/oidc.eks.us-east-2.amazonaws.com/id/C065AFC3BABCD2F95DA0C29FFF96E478\"}}],\"Version\":\"2012-10-17\"}",
            "create_date": "2023-10-06T09:33:52Z",
            "description": "",
            "force_detach_policies": false,
            "id": "eks-ebs-csi-driver",
            "inline_policy": [],
            "managed_policy_arns": [],
            "max_session_duration": 3600,
            "name": "eks-ebs-csi-driver",
            "name_prefix": "",
            "path": "/",
            "permissions_boundary": null,
            "tags": null,
            "tags_all": {},
            "unique_id": "AROAX4XPSAWAYAHDKFPZE"
          },
          "sensitive_attributes": [],
          "private": "bnVsbA==",
          "dependencies": [
            "aws_eks_cluster.eks",
            "aws_iam_openid_connect_provider.eks",
            "aws_iam_role.eks",
            "aws_iam_role_policy_attachment.eks",
            "aws_subnet.private_zone1",
            "aws_subnet.private_zone2",
            "aws_subnet.public_zone1",
            "aws_subnet.public_zone2",
            "aws_vpc.main",
            "data.aws_iam_policy_document.csi",
            "data.tls_certificate.eks"
          ]
        }
      ]
    },
    {
      "mode": "managed",
      "type": "aws_iam_role",
      "name": "nodes",
      "provider": "provider[\"registry.terraform.io/hashicorp/aws\"]",
      "instances": [
        {
          "schema_version": 0,
          "attributes": {
            "arn": "arn:aws:iam::542742021505:role/dev-demo-eks-nodes",
            "assume_role_policy": "{\"Statement\":[{\"Action\":\"sts:AssumeRole\",\"Effect\":\"Allow\",\"Principal\":{\"Service\":\"ec2.amazonaws.com\"}}],\"Version\":\"2012-10-17\"}",
            "create_date": "2023-10-06T09:26:51Z",
            "description": "",
            "force_detach_policies": false,
            "id": "dev-demo-eks-nodes",
            "inline_policy": [],
            "managed_policy_arns": [],
            "max_session_duration": 3600,
            "name": "dev-demo-eks-nodes",
            "name_prefix": "",
            "path": "/",
            "permissions_boundary": null,
            "tags": null,
            "tags_all": {},
            "unique_id": "AROAX4XPSAWA6GU3QKXUJ"
          },
          "sensitive_attributes": [],
          "private": "bnVsbA=="
        }
      ]
    },
    {
      "mode": "managed",
      "type": "aws_iam_role",
      "name": "prometheus",
      "provider": "provider[\"registry.terraform.io/hashicorp/aws\"]",
      "instances": [
        {
          "schema_version": 0,
          "attributes": {
            "arn": "arn:aws:iam::542742021505:role/prometheus",
            "assume_role_policy": "{\"Statement\":[{\"Action\":\"sts:AssumeRoleWithWebIdentity\",\"Condition\":{\"StringEquals\":{\"oidc.eks.us-east-2.amazonaws.com/id/C065AFC3BABCD2F95DA0C29FFF96E478:sub\":\"system:serviceaccount:monitoring:prometheus\"}},\"Effect\":\"Allow\",\"Principal\":{\"Federated\":\"arn:aws:iam::542742021505:oidc-provider/oidc.eks.us-east-2.amazonaws.com/id/C065AFC3BABCD2F95DA0C29FFF96E478\"}}],\"Version\":\"2012-10-17\"}",
            "create_date": "2023-10-06T09:33:52Z",
            "description": "",
            "force_detach_policies": false,
            "id": "prometheus",
            "inline_policy": [],
            "managed_policy_arns": [],
            "max_session_duration": 3600,
            "name": "prometheus",
            "name_prefix": "",
            "path": "/",
            "permissions_boundary": null,
            "tags": null,
            "tags_all": {},
            "unique_id": "AROAX4XPSAWAYKF3UPCUU"
          },
          "sensitive_attributes": [],
          "private": "bnVsbA==",
          "dependencies": [
            "aws_eks_cluster.eks",
            "aws_iam_openid_connect_provider.eks",
            "aws_iam_role.eks",
            "aws_iam_role_policy_attachment.eks",
            "aws_subnet.private_zone1",
            "aws_subnet.private_zone2",
            "aws_subnet.public_zone1",
            "aws_subnet.public_zone2",
            "aws_vpc.main",
            "data.aws_iam_policy_document.prometheus",
            "data.tls_certificate.eks"
          ]
        }
      ]
    },
    {
      "mode": "managed",
      "type": "aws_iam_role_policy_attachment",
      "name": "amazon_ebs_csi_driver",
      "provider": "provider[\"registry.terraform.io/hashicorp/aws\"]",
      "instances": [
        {
          "schema_version": 0,
          "attributes": {
            "id": "eks-ebs-csi-driver-2023100609334768620000000a",
            "policy_arn": "arn:aws:iam::aws:policy/service-role/AmazonEBSCSIDriverPolicy",
            "role": "eks-ebs-csi-driver"
          },
          "sensitive_attributes": [],
          "private": "bnVsbA==",
          "dependencies": [
            "aws_eks_cluster.eks",
            "aws_iam_openid_connect_provider.eks",
            "aws_iam_role.eks",
            "aws_iam_role.eks_ebs_csi_driver",
            "aws_iam_role_policy_attachment.eks",
            "aws_subnet.private_zone1",
            "aws_subnet.private_zone2",
            "aws_subnet.public_zone1",
            "aws_subnet.public_zone2",
            "aws_vpc.main",
            "data.aws_iam_policy_document.csi",
            "data.tls_certificate.eks"
          ]
        }
      ]
    },
    {
      "mode": "managed",
      "type": "aws_iam_role_policy_attachment",
      "name": "amazon_ec2_container_registry_read_only",
      "provider": "provider[\"registry.terraform.io/hashicorp/aws\"]",
      "instances": [
        {
          "schema_version": 0,
          "attributes": {
            "id": "dev-demo-eks-nodes-20231006092646962800000002",
            "policy_arn": "arn:aws:iam::aws:policy/AmazonEC2ContainerRegistryReadOnly",
            "role": "dev-demo-eks-nodes"
          },
          "sensitive_attributes": [],
          "private": "bnVsbA==",
          "dependencies": [
            "aws_iam_role.nodes"
          ]
        }
      ]
    },
    {
      "mode": "managed",
      "type": "aws_iam_role_policy_attachment",
      "name": "amazon_eks_cni_policy",
      "provider": "provider[\"registry.terraform.io/hashicorp/aws\"]",
      "instances": [
        {
          "schema_version": 0,
          "attributes": {
            "id": "dev-demo-eks-nodes-20231006092647011100000004",
            "policy_arn": "arn:aws:iam::aws:policy/AmazonEKS_CNI_Policy",
            "role": "dev-demo-eks-nodes"
          },
          "sensitive_attributes": [],
          "private": "bnVsbA==",
          "dependencies": [
            "aws_iam_role.nodes"
          ]
        }
      ]
    },
    {
      "mode": "managed",
      "type": "aws_iam_role_policy_attachment",
      "name": "amazon_eks_worker_node_policy",
      "provider": "provider[\"registry.terraform.io/hashicorp/aws\"]",
      "instances": [
        {
          "schema_version": 0,
          "attributes": {
            "id": "dev-demo-eks-nodes-20231006092646987800000003",
            "policy_arn": "arn:aws:iam::aws:policy/AmazonEKSWorkerNodePolicy",
            "role": "dev-demo-eks-nodes"
          },
          "sensitive_attributes": [],
          "private": "bnVsbA==",
          "dependencies": [
            "aws_iam_role.nodes"
          ]
        }
      ]
    },
    {
      "mode": "managed",
      "type": "aws_iam_role_policy_attachment",
      "name": "eks",
      "provider": "provider[\"registry.terraform.io/hashicorp/aws\"]",
      "instances": [
        {
          "schema_version": 0,
          "attributes": {
            "id": "dev-demo-eks-cluster-20231006092646866100000001",
            "policy_arn": "arn:aws:iam::aws:policy/AmazonEKSClusterPolicy",
            "role": "dev-demo-eks-cluster"
          },
          "sensitive_attributes": [],
          "private": "bnVsbA==",
          "dependencies": [
            "aws_iam_role.eks"
          ]
        }
      ]
    },
    {
      "mode": "managed",
      "type": "aws_iam_role_policy_attachment",
      "name": "grafana",
      "provider": "provider[\"registry.terraform.io/hashicorp/aws\"]",
      "instances": []
    },
    {
      "mode": "managed",
      "type": "aws_iam_role_policy_attachment",
      "name": "prometheus",
      "provider": "provider[\"registry.terraform.io/hashicorp/aws\"]",
      "instances": [
        {
          "schema_version": 0,
          "attributes": {
            "id": "prometheus-20231006093347648900000009",
            "policy_arn": "arn:aws:iam::aws:policy/AmazonEC2ReadOnlyAccess",
            "role": "prometheus"
          },
          "sensitive_attributes": [],
          "private": "bnVsbA==",
          "dependencies": [
            "aws_eks_cluster.eks",
            "aws_iam_openid_connect_provider.eks",
            "aws_iam_role.eks",
            "aws_iam_role.prometheus",
            "aws_iam_role_policy_attachment.eks",
            "aws_subnet.private_zone1",
            "aws_subnet.private_zone2",
            "aws_subnet.public_zone1",
            "aws_subnet.public_zone2",
            "aws_vpc.main",
            "data.aws_iam_policy_document.prometheus",
            "data.tls_certificate.eks"
          ]
        }
      ]
    },
    {
      "mode": "managed",
      "type": "aws_instance",
      "name": "ec2",
      "provider": "provider[\"registry.terraform.io/hashicorp/aws\"]",
      "instances": [
        {
          "schema_version": 1,
          "attributes": {
            "ami": "ami-0e83be366243f524a",
            "arn": "arn:aws:ec2:us-east-2:542742021505:instance/i-022c29c6c73b41808",
            "associate_public_ip_address": true,
            "availability_zone": "us-east-2a",
            "capacity_reservation_specification": [
              {
                "capacity_reservation_preference": "open",
                "capacity_reservation_target": []
              }
            ],
            "cpu_core_count": 1,
            "cpu_options": [
              {
                "amd_sev_snp": "",
                "core_count": 1,
                "threads_per_core": 2
              }
            ],
            "cpu_threads_per_core": 2,
            "credit_specification": [
              {
                "cpu_credits": "unlimited"
              }
            ],
            "disable_api_stop": false,
            "disable_api_termination": false,
            "ebs_block_device": [],
            "ebs_optimized": false,
            "enclave_options": [
              {
                "enabled": false
              }
            ],
            "ephemeral_block_device": [],
            "get_password_data": false,
            "hibernation": false,
            "host_id": "",
            "host_resource_group_arn": null,
            "iam_instance_profile": "",
            "id": "i-022c29c6c73b41808",
            "instance_initiated_shutdown_behavior": "stop",
            "instance_lifecycle": "",
            "instance_market_options": [],
            "instance_state": "running",
            "instance_type": "t3a.small",
            "ipv6_address_count": 0,
            "ipv6_addresses": [],
            "key_name": "devops",
            "launch_template": [],
            "maintenance_options": [
              {
                "auto_recovery": "default"
              }
            ],
            "metadata_options": [
              {
                "http_endpoint": "enabled",
                "http_protocol_ipv6": "disabled",
                "http_put_response_hop_limit": 1,
                "http_tokens": "optional",
                "instance_metadata_tags": "disabled"
              }
            ],
            "monitoring": false,
            "network_interface": [],
            "outpost_arn": "",
            "password_data": "",
            "placement_group": "",
            "placement_partition_number": 0,
            "primary_network_interface_id": "eni-079f8d3f886210796",
            "private_dns": "ip-10-0-94-227.us-east-2.compute.internal",
            "private_dns_name_options": [
              {
                "enable_resource_name_dns_a_record": false,
                "enable_resource_name_dns_aaaa_record": false,
                "hostname_type": "ip-name"
              }
            ],
            "private_ip": "10.0.94.227",
            "public_dns": "ec2-18-191-144-137.us-east-2.compute.amazonaws.com",
            "public_ip": "18.191.144.137",
            "root_block_device": [
              {
                "delete_on_termination": true,
                "device_name": "/dev/sda1",
                "encrypted": false,
                "iops": 100,
                "kms_key_id": "",
                "tags": {},
                "throughput": 0,
                "volume_id": "vol-079c131e4427b35f6",
                "volume_size": 8,
                "volume_type": "gp2"
              }
            ],
            "secondary_private_ips": [],
            "security_groups": [],
            "source_dest_check": true,
            "spot_instance_request_id": "",
            "subnet_id": "subnet-0094ec93595345681",
            "tags": {
              "Name": "myapp",
              "node-exporter": "true",
              "service": "myapp"
            },
            "tags_all": {
              "Name": "myapp",
              "node-exporter": "true",
              "service": "myapp"
            },
            "tenancy": "default",
            "timeouts": null,
            "user_data": "16ec8b6774f204a6c64e3cf7f2de60555d822c21",
            "user_data_base64": null,
            "user_data_replace_on_change": false,
            "volume_tags": null,
            "vpc_security_group_ids": [
              "sg-0a1859183897c0dff"
            ]
          },
          "sensitive_attributes": [],
          "private": "eyJlMmJmYjczMC1lY2FhLTExZTYtOGY4OC0zNDM2M2JjN2M0YzAiOnsiY3JlYXRlIjo2MDAwMDAwMDAwMDAsImRlbGV0ZSI6MTIwMDAwMDAwMDAwMCwidXBkYXRlIjo2MDAwMDAwMDAwMDB9LCJzY2hlbWFfdmVyc2lvbiI6IjEifQ==",
          "dependencies": [
            "aws_eks_cluster.eks",
            "aws_iam_role.eks",
            "aws_iam_role_policy_attachment.eks",
            "aws_security_group.ec2",
            "aws_subnet.private_zone1",
            "aws_subnet.private_zone2",
            "aws_subnet.public_zone1",
            "aws_subnet.public_zone2",
            "aws_vpc.main",
            "data.aws_ami.ubuntu"
          ]
        }
      ]
    },
    {
      "mode": "managed",
      "type": "aws_internet_gateway",
      "name": "igw",
      "provider": "provider[\"registry.terraform.io/hashicorp/aws\"]",
      "instances": [
        {
          "schema_version": 0,
          "attributes": {
            "arn": "arn:aws:ec2:us-east-2:542742021505:internet-gateway/igw-02d38e991303b8edb",
            "id": "igw-02d38e991303b8edb",
            "owner_id": "542742021505",
            "tags": {
              "Name": "dev-igw"
            },
            "tags_all": {
              "Name": "dev-igw"
            },
            "timeouts": null,
            "vpc_id": "vpc-0771ea86e60c38882"
          },
          "sensitive_attributes": [],
          "private": "eyJlMmJmYjczMC1lY2FhLTExZTYtOGY4OC0zNDM2M2JjN2M0YzAiOnsiY3JlYXRlIjoxMjAwMDAwMDAwMDAwLCJkZWxldGUiOjEyMDAwMDAwMDAwMDAsInVwZGF0ZSI6MTIwMDAwMDAwMDAwMH19",
          "dependencies": [
            "aws_vpc.main"
          ]
        }
      ]
    },
    {
      "mode": "managed",
      "type": "aws_nat_gateway",
      "name": "nat",
      "provider": "provider[\"registry.terraform.io/hashicorp/aws\"]",
      "instances": [
        {
          "schema_version": 0,
          "attributes": {
            "allocation_id": "eipalloc-0fb90ded04a7ccd36",
            "association_id": "eipassoc-0fb65835a50ad6a0f",
            "connectivity_type": "public",
            "id": "nat-0cb48a6e9d1453b7c",
            "network_interface_id": "eni-05318706eef525b44",
            "private_ip": "10.0.66.175",
            "public_ip": "3.13.30.122",
            "secondary_allocation_ids": null,
            "secondary_private_ip_address_count": 0,
            "secondary_private_ip_addresses": [],
            "subnet_id": "subnet-0094ec93595345681",
            "tags": {
              "Name": "dev-nat"
            },
            "tags_all": {
              "Name": "dev-nat"
            },
            "timeouts": null
          },
          "sensitive_attributes": [],
          "private": "eyJlMmJmYjczMC1lY2FhLTExZTYtOGY4OC0zNDM2M2JjN2M0YzAiOnsiY3JlYXRlIjo2MDAwMDAwMDAwMDAsImRlbGV0ZSI6MTgwMDAwMDAwMDAwMCwidXBkYXRlIjo2MDAwMDAwMDAwMDB9fQ==",
          "dependencies": [
            "aws_eip.nat",
            "aws_internet_gateway.igw",
            "aws_subnet.public_zone1",
            "aws_vpc.main"
          ]
        }
      ]
    },
    {
      "mode": "managed",
      "type": "aws_route_table",
      "name": "private",
      "provider": "provider[\"registry.terraform.io/hashicorp/aws\"]",
      "instances": [
        {
          "schema_version": 0,
          "attributes": {
            "arn": "arn:aws:ec2:us-east-2:542742021505:route-table/rtb-0d1c7f45d11d4f0ba",
            "id": "rtb-0d1c7f45d11d4f0ba",
            "owner_id": "542742021505",
            "propagating_vgws": [],
            "route": [
              {
                "carrier_gateway_id": "",
                "cidr_block": "0.0.0.0/0",
                "core_network_arn": "",
                "destination_prefix_list_id": "",
                "egress_only_gateway_id": "",
                "gateway_id": "",
                "ipv6_cidr_block": "",
                "local_gateway_id": "",
                "nat_gateway_id": "nat-0cb48a6e9d1453b7c",
                "network_interface_id": "",
                "transit_gateway_id": "",
                "vpc_endpoint_id": "",
                "vpc_peering_connection_id": ""
              }
            ],
            "tags": {
              "Name": "dev-private"
            },
            "tags_all": {
              "Name": "dev-private"
            },
            "timeouts": null,
            "vpc_id": "vpc-0771ea86e60c38882"
          },
          "sensitive_attributes": [],
          "private": "eyJlMmJmYjczMC1lY2FhLTExZTYtOGY4OC0zNDM2M2JjN2M0YzAiOnsiY3JlYXRlIjozMDAwMDAwMDAwMDAsImRlbGV0ZSI6MzAwMDAwMDAwMDAwLCJ1cGRhdGUiOjEyMDAwMDAwMDAwMH19",
          "dependencies": [
            "aws_eip.nat",
            "aws_internet_gateway.igw",
            "aws_nat_gateway.nat",
            "aws_subnet.public_zone1",
            "aws_vpc.main"
          ]
        }
      ]
    },
    {
      "mode": "managed",
      "type": "aws_route_table",
      "name": "public",
      "provider": "provider[\"registry.terraform.io/hashicorp/aws\"]",
      "instances": [
        {
          "schema_version": 0,
          "attributes": {
            "arn": "arn:aws:ec2:us-east-2:542742021505:route-table/rtb-0106fa60a8927fded",
            "id": "rtb-0106fa60a8927fded",
            "owner_id": "542742021505",
            "propagating_vgws": [],
            "route": [
              {
                "carrier_gateway_id": "",
                "cidr_block": "0.0.0.0/0",
                "core_network_arn": "",
                "destination_prefix_list_id": "",
                "egress_only_gateway_id": "",
                "gateway_id": "igw-02d38e991303b8edb",
                "ipv6_cidr_block": "",
                "local_gateway_id": "",
                "nat_gateway_id": "",
                "network_interface_id": "",
                "transit_gateway_id": "",
                "vpc_endpoint_id": "",
                "vpc_peering_connection_id": ""
              }
            ],
            "tags": {
              "Name": "dev-public"
            },
            "tags_all": {
              "Name": "dev-public"
            },
            "timeouts": null,
            "vpc_id": "vpc-0771ea86e60c38882"
          },
          "sensitive_attributes": [],
          "private": "eyJlMmJmYjczMC1lY2FhLTExZTYtOGY4OC0zNDM2M2JjN2M0YzAiOnsiY3JlYXRlIjozMDAwMDAwMDAwMDAsImRlbGV0ZSI6MzAwMDAwMDAwMDAwLCJ1cGRhdGUiOjEyMDAwMDAwMDAwMH19",
          "dependencies": [
            "aws_internet_gateway.igw",
            "aws_vpc.main"
          ]
        }
      ]
    },
    {
      "mode": "managed",
      "type": "aws_route_table_association",
      "name": "private_zone1",
      "provider": "provider[\"registry.terraform.io/hashicorp/aws\"]",
      "instances": [
        {
          "schema_version": 0,
          "attributes": {
            "gateway_id": "",
            "id": "rtbassoc-0f40f76cdafd8875e",
            "route_table_id": "rtb-0d1c7f45d11d4f0ba",
            "subnet_id": "subnet-01884cf5071e889e4",
            "timeouts": null
          },
          "sensitive_attributes": [],
          "private": "eyJlMmJmYjczMC1lY2FhLTExZTYtOGY4OC0zNDM2M2JjN2M0YzAiOnsiY3JlYXRlIjozMDAwMDAwMDAwMDAsImRlbGV0ZSI6MzAwMDAwMDAwMDAwLCJ1cGRhdGUiOjEyMDAwMDAwMDAwMH19",
          "dependencies": [
            "aws_eip.nat",
            "aws_internet_gateway.igw",
            "aws_nat_gateway.nat",
            "aws_route_table.private",
            "aws_subnet.private_zone1",
            "aws_subnet.public_zone1",
            "aws_vpc.main"
          ]
        }
      ]
    },
    {
      "mode": "managed",
      "type": "aws_route_table_association",
      "name": "private_zone2",
      "provider": "provider[\"registry.terraform.io/hashicorp/aws\"]",
      "instances": [
        {
          "schema_version": 0,
          "attributes": {
            "gateway_id": "",
            "id": "rtbassoc-07ca7be5b914311bc",
            "route_table_id": "rtb-0d1c7f45d11d4f0ba",
            "subnet_id": "subnet-0c1a41ad5b315bc07",
            "timeouts": null
          },
          "sensitive_attributes": [],
          "private": "eyJlMmJmYjczMC1lY2FhLTExZTYtOGY4OC0zNDM2M2JjN2M0YzAiOnsiY3JlYXRlIjozMDAwMDAwMDAwMDAsImRlbGV0ZSI6MzAwMDAwMDAwMDAwLCJ1cGRhdGUiOjEyMDAwMDAwMDAwMH19",
          "dependencies": [
            "aws_eip.nat",
            "aws_internet_gateway.igw",
            "aws_nat_gateway.nat",
            "aws_route_table.private",
            "aws_subnet.private_zone2",
            "aws_subnet.public_zone1",
            "aws_vpc.main"
          ]
        }
      ]
    },
    {
      "mode": "managed",
      "type": "aws_route_table_association",
      "name": "public_zone1",
      "provider": "provider[\"registry.terraform.io/hashicorp/aws\"]",
      "instances": [
        {
          "schema_version": 0,
          "attributes": {
            "gateway_id": "",
            "id": "rtbassoc-06e9a924cdc68f1eb",
            "route_table_id": "rtb-0106fa60a8927fded",
            "subnet_id": "subnet-0094ec93595345681",
            "timeouts": null
          },
          "sensitive_attributes": [],
          "private": "eyJlMmJmYjczMC1lY2FhLTExZTYtOGY4OC0zNDM2M2JjN2M0YzAiOnsiY3JlYXRlIjozMDAwMDAwMDAwMDAsImRlbGV0ZSI6MzAwMDAwMDAwMDAwLCJ1cGRhdGUiOjEyMDAwMDAwMDAwMH19",
          "dependencies": [
            "aws_internet_gateway.igw",
            "aws_route_table.public",
            "aws_subnet.public_zone1",
            "aws_vpc.main"
          ]
        }
      ]
    },
    {
      "mode": "managed",
      "type": "aws_route_table_association",
      "name": "public_zone2",
      "provider": "provider[\"registry.terraform.io/hashicorp/aws\"]",
      "instances": [
        {
          "schema_version": 0,
          "attributes": {
            "gateway_id": "",
            "id": "rtbassoc-0b87e39cdf3ea939c",
            "route_table_id": "rtb-0106fa60a8927fded",
            "subnet_id": "subnet-07f0a94f3ce77928e",
            "timeouts": null
          },
          "sensitive_attributes": [],
          "private": "eyJlMmJmYjczMC1lY2FhLTExZTYtOGY4OC0zNDM2M2JjN2M0YzAiOnsiY3JlYXRlIjozMDAwMDAwMDAwMDAsImRlbGV0ZSI6MzAwMDAwMDAwMDAwLCJ1cGRhdGUiOjEyMDAwMDAwMDAwMH19",
          "dependencies": [
            "aws_internet_gateway.igw",
            "aws_route_table.public",
            "aws_subnet.public_zone2",
            "aws_vpc.main"
          ]
        }
      ]
    },
    {
      "mode": "managed",
      "type": "aws_security_group",
      "name": "ec2",
      "provider": "provider[\"registry.terraform.io/hashicorp/aws\"]",
      "instances": [
        {
          "schema_version": 1,
          "attributes": {
            "arn": "arn:aws:ec2:us-east-2:542742021505:security-group/sg-0a1859183897c0dff",
            "description": "Allow SSH inbound traffic",
            "egress": [
              {
                "cidr_blocks": [
                  "0.0.0.0/0"
                ],
                "description": "",
                "from_port": 0,
                "ipv6_cidr_blocks": [],
                "prefix_list_ids": [],
                "protocol": "-1",
                "security_groups": [],
                "self": false,
                "to_port": 0
              }
            ],
            "id": "sg-0a1859183897c0dff",
            "ingress": [
              {
                "cidr_blocks": [
                  "0.0.0.0/0"
                ],
                "description": "",
                "from_port": 22,
                "ipv6_cidr_blocks": [],
                "prefix_list_ids": [],
                "protocol": "tcp",
                "security_groups": [],
                "self": false,
                "to_port": 22
              },
              {
                "cidr_blocks": [
                  "0.0.0.0/0"
                ],
                "description": "",
                "from_port": 80,
                "ipv6_cidr_blocks": [],
                "prefix_list_ids": [],
                "protocol": "tcp",
                "security_groups": [],
                "self": false,
                "to_port": 80
              },
              {
                "cidr_blocks": [],
                "description": "Allow Node Exporter Access",
                "from_port": 9100,
                "ipv6_cidr_blocks": [],
                "prefix_list_ids": [],
                "protocol": "tcp",
                "security_groups": [
                  "sg-026a0bcb2163764b8"
                ],
                "self": false,
                "to_port": 9100
              }
            ],
            "name": "ubuntu_access",
            "name_prefix": "",
            "owner_id": "542742021505",
            "revoke_rules_on_delete": false,
            "tags": null,
            "tags_all": {},
            "timeouts": null,
            "vpc_id": "vpc-0771ea86e60c38882"
          },
          "sensitive_attributes": [],
          "private": "eyJlMmJmYjczMC1lY2FhLTExZTYtOGY4OC0zNDM2M2JjN2M0YzAiOnsiY3JlYXRlIjo2MDAwMDAwMDAwMDAsImRlbGV0ZSI6OTAwMDAwMDAwMDAwfSwic2NoZW1hX3ZlcnNpb24iOiIxIn0=",
          "dependencies": [
            "aws_eks_cluster.eks",
            "aws_iam_role.eks",
            "aws_iam_role_policy_attachment.eks",
            "aws_subnet.private_zone1",
            "aws_subnet.private_zone2",
            "aws_subnet.public_zone1",
            "aws_subnet.public_zone2",
            "aws_vpc.main"
          ]
        }
      ]
    },
    {
      "mode": "managed",
      "type": "aws_subnet",
      "name": "private_zone1",
      "provider": "provider[\"registry.terraform.io/hashicorp/aws\"]",
      "instances": [
        {
          "schema_version": 1,
          "attributes": {
            "arn": "arn:aws:ec2:us-east-2:542742021505:subnet/subnet-01884cf5071e889e4",
            "assign_ipv6_address_on_creation": false,
            "availability_zone": "us-east-2a",
            "availability_zone_id": "use2-az1",
            "cidr_block": "10.0.0.0/19",
            "customer_owned_ipv4_pool": "",
            "enable_dns64": false,
            "enable_lni_at_device_index": 0,
            "enable_resource_name_dns_a_record_on_launch": false,
            "enable_resource_name_dns_aaaa_record_on_launch": false,
            "id": "subnet-01884cf5071e889e4",
            "ipv6_cidr_block": "",
            "ipv6_cidr_block_association_id": "",
            "ipv6_native": false,
            "map_customer_owned_ip_on_launch": false,
            "map_public_ip_on_launch": false,
            "outpost_arn": "",
            "owner_id": "542742021505",
            "private_dns_hostname_type_on_launch": "ip-name",
            "tags": {
              "Name": "dev-private-us-east-2a",
              "kubernetes.io/cluster/dev-demo": "owned",
              "kubernetes.io/role/internal-elb": "1"
            },
            "tags_all": {
              "Name": "dev-private-us-east-2a",
              "kubernetes.io/cluster/dev-demo": "owned",
              "kubernetes.io/role/internal-elb": "1"
            },
            "timeouts": null,
            "vpc_id": "vpc-0771ea86e60c38882"
          },
          "sensitive_attributes": [],
          "private": "eyJlMmJmYjczMC1lY2FhLTExZTYtOGY4OC0zNDM2M2JjN2M0YzAiOnsiY3JlYXRlIjo2MDAwMDAwMDAwMDAsImRlbGV0ZSI6MTIwMDAwMDAwMDAwMH0sInNjaGVtYV92ZXJzaW9uIjoiMSJ9",
          "dependencies": [
            "aws_vpc.main"
          ]
        }
      ]
    },
    {
      "mode": "managed",
      "type": "aws_subnet",
      "name": "private_zone2",
      "provider": "provider[\"registry.terraform.io/hashicorp/aws\"]",
      "instances": [
        {
          "schema_version": 1,
          "attributes": {
            "arn": "arn:aws:ec2:us-east-2:542742021505:subnet/subnet-0c1a41ad5b315bc07",
            "assign_ipv6_address_on_creation": false,
            "availability_zone": "us-east-2b",
            "availability_zone_id": "use2-az2",
            "cidr_block": "10.0.32.0/19",
            "customer_owned_ipv4_pool": "",
            "enable_dns64": false,
            "enable_lni_at_device_index": 0,
            "enable_resource_name_dns_a_record_on_launch": false,
            "enable_resource_name_dns_aaaa_record_on_launch": false,
            "id": "subnet-0c1a41ad5b315bc07",
            "ipv6_cidr_block": "",
            "ipv6_cidr_block_association_id": "",
            "ipv6_native": false,
            "map_customer_owned_ip_on_launch": false,
            "map_public_ip_on_launch": false,
            "outpost_arn": "",
            "owner_id": "542742021505",
            "private_dns_hostname_type_on_launch": "ip-name",
            "tags": {
              "Name": "dev-private-us-east-2b",
              "kubernetes.io/cluster/dev-demo": "owned",
              "kubernetes.io/role/internal-elb": "1"
            },
            "tags_all": {
              "Name": "dev-private-us-east-2b",
              "kubernetes.io/cluster/dev-demo": "owned",
              "kubernetes.io/role/internal-elb": "1"
            },
            "timeouts": null,
            "vpc_id": "vpc-0771ea86e60c38882"
          },
          "sensitive_attributes": [],
          "private": "eyJlMmJmYjczMC1lY2FhLTExZTYtOGY4OC0zNDM2M2JjN2M0YzAiOnsiY3JlYXRlIjo2MDAwMDAwMDAwMDAsImRlbGV0ZSI6MTIwMDAwMDAwMDAwMH0sInNjaGVtYV92ZXJzaW9uIjoiMSJ9",
          "dependencies": [
            "aws_vpc.main"
          ]
        }
      ]
    },
    {
      "mode": "managed",
      "type": "aws_subnet",
      "name": "public_zone1",
      "provider": "provider[\"registry.terraform.io/hashicorp/aws\"]",
      "instances": [
        {
          "schema_version": 1,
          "attributes": {
            "arn": "arn:aws:ec2:us-east-2:542742021505:subnet/subnet-0094ec93595345681",
            "assign_ipv6_address_on_creation": false,
            "availability_zone": "us-east-2a",
            "availability_zone_id": "use2-az1",
            "cidr_block": "10.0.64.0/19",
            "customer_owned_ipv4_pool": "",
            "enable_dns64": false,
            "enable_lni_at_device_index": 0,
            "enable_resource_name_dns_a_record_on_launch": false,
            "enable_resource_name_dns_aaaa_record_on_launch": false,
            "id": "subnet-0094ec93595345681",
            "ipv6_cidr_block": "",
            "ipv6_cidr_block_association_id": "",
            "ipv6_native": false,
            "map_customer_owned_ip_on_launch": false,
            "map_public_ip_on_launch": true,
            "outpost_arn": "",
            "owner_id": "542742021505",
            "private_dns_hostname_type_on_launch": "ip-name",
            "tags": {
              "Name": "dev-public-us-east-2a",
              "kubernetes.io/cluster/dev-demo": "owned",
              "kubernetes.io/role/elb": "1"
            },
            "tags_all": {
              "Name": "dev-public-us-east-2a",
              "kubernetes.io/cluster/dev-demo": "owned",
              "kubernetes.io/role/elb": "1"
            },
            "timeouts": null,
            "vpc_id": "vpc-0771ea86e60c38882"
          },
          "sensitive_attributes": [],
          "private": "eyJlMmJmYjczMC1lY2FhLTExZTYtOGY4OC0zNDM2M2JjN2M0YzAiOnsiY3JlYXRlIjo2MDAwMDAwMDAwMDAsImRlbGV0ZSI6MTIwMDAwMDAwMDAwMH0sInNjaGVtYV92ZXJzaW9uIjoiMSJ9",
          "dependencies": [
            "aws_vpc.main"
          ]
        }
      ]
    },
    {
      "mode": "managed",
      "type": "aws_subnet",
      "name": "public_zone2",
      "provider": "provider[\"registry.terraform.io/hashicorp/aws\"]",
      "instances": [
        {
          "schema_version": 1,
          "attributes": {
            "arn": "arn:aws:ec2:us-east-2:542742021505:subnet/subnet-07f0a94f3ce77928e",
            "assign_ipv6_address_on_creation": false,
            "availability_zone": "us-east-2b",
            "availability_zone_id": "use2-az2",
            "cidr_block": "10.0.96.0/19",
            "customer_owned_ipv4_pool": "",
            "enable_dns64": false,
            "enable_lni_at_device_index": 0,
            "enable_resource_name_dns_a_record_on_launch": false,
            "enable_resource_name_dns_aaaa_record_on_launch": false,
            "id": "subnet-07f0a94f3ce77928e",
            "ipv6_cidr_block": "",
            "ipv6_cidr_block_association_id": "",
            "ipv6_native": false,
            "map_customer_owned_ip_on_launch": false,
            "map_public_ip_on_launch": true,
            "outpost_arn": "",
            "owner_id": "542742021505",
            "private_dns_hostname_type_on_launch": "ip-name",
            "tags": {
              "Name": "dev-public-us-east-2b",
              "kubernetes.io/cluster/dev-demo": "owned",
              "kubernetes.io/role/elb": "1"
            },
            "tags_all": {
              "Name": "dev-public-us-east-2b",
              "kubernetes.io/cluster/dev-demo": "owned",
              "kubernetes.io/role/elb": "1"
            },
            "timeouts": null,
            "vpc_id": "vpc-0771ea86e60c38882"
          },
          "sensitive_attributes": [],
          "private": "eyJlMmJmYjczMC1lY2FhLTExZTYtOGY4OC0zNDM2M2JjN2M0YzAiOnsiY3JlYXRlIjo2MDAwMDAwMDAwMDAsImRlbGV0ZSI6MTIwMDAwMDAwMDAwMH0sInNjaGVtYV92ZXJzaW9uIjoiMSJ9",
          "dependencies": [
            "aws_vpc.main"
          ]
        }
      ]
    },
    {
      "mode": "managed",
      "type": "aws_vpc",
      "name": "main",
      "provider": "provider[\"registry.terraform.io/hashicorp/aws\"]",
      "instances": [
        {
          "schema_version": 1,
          "attributes": {
            "arn": "arn:aws:ec2:us-east-2:542742021505:vpc/vpc-0771ea86e60c38882",
            "assign_generated_ipv6_cidr_block": false,
            "cidr_block": "10.0.0.0/16",
            "default_network_acl_id": "acl-0cba26754ecd07e44",
            "default_route_table_id": "rtb-00953378ba0430148",
            "default_security_group_id": "sg-0f9dce8bb8196199c",
            "dhcp_options_id": "dopt-09104f605174a5490",
            "enable_dns_hostnames": true,
            "enable_dns_support": true,
            "enable_network_address_usage_metrics": false,
            "id": "vpc-0771ea86e60c38882",
            "instance_tenancy": "default",
            "ipv4_ipam_pool_id": null,
            "ipv4_netmask_length": null,
            "ipv6_association_id": "",
            "ipv6_cidr_block": "",
            "ipv6_cidr_block_network_border_group": "",
            "ipv6_ipam_pool_id": "",
            "ipv6_netmask_length": 0,
            "main_route_table_id": "rtb-00953378ba0430148",
            "owner_id": "542742021505",
            "tags": {
              "Name": "dev-main"
            },
            "tags_all": {
              "Name": "dev-main"
            }
          },
          "sensitive_attributes": [],
          "private": "eyJzY2hlbWFfdmVyc2lvbiI6IjEifQ=="
        }
      ]
    },
    {
      "mode": "managed",
      "type": "helm_release",
      "name": "grafana",
      "provider": "provider[\"registry.terraform.io/hashicorp/helm\"]",
      "instances": [
        {
          "schema_version": 1,
          "attributes": {
            "atomic": false,
            "chart": "grafana",
            "cleanup_on_fail": false,
            "create_namespace": true,
            "dependency_update": false,
            "description": null,
            "devel": null,
            "disable_crd_hooks": false,
            "disable_openapi_validation": false,
            "disable_webhooks": false,
            "force_update": false,
            "id": "grafana",
            "keyring": null,
            "lint": false,
            "manifest": null,
            "max_history": 0,
            "metadata": [
              {
                "app_version": "10.1.2",
                "chart": "grafana",
                "name": "grafana",
                "namespace": "monitoring",
                "revision": 1,
                "values": "{\"adminPassword\":\"devops123\",\"image\":{\"tag\":\"9.3.6\"},\"persistence\":{\"enabled\":true,\"size\":\"8Gi\"}}",
                "version": "6.60.2"
              }
            ],
            "name": "grafana",
            "namespace": "monitoring",
            "pass_credentials": false,
            "postrender": [],
            "recreate_pods": false,
            "render_subchart_notes": true,
            "replace": false,
            "repository": "https://grafana.github.io/helm-charts",
            "repository_ca_file": null,
            "repository_cert_file": null,
            "repository_key_file": null,
            "repository_password": null,
            "repository_username": null,
            "reset_values": false,
            "reuse_values": false,
            "set": [
              {
                "name": "adminPassword",
                "type": "",
                "value": "devops123"
              },
              {
                "name": "image.tag",
                "type": "",
                "value": "9.3.6"
              },
              {
                "name": "persistence.enabled",
                "type": "",
                "value": "true"
              },
              {
                "name": "persistence.size",
                "type": "",
                "value": "8Gi"
              }
            ],
            "set_list": [],
            "set_sensitive": [],
            "skip_crds": false,
            "status": "deployed",
            "timeout": 300,
            "values": null,
            "verify": false,
            "version": "6.60.2",
            "wait": true,
            "wait_for_jobs": false
          },
          "sensitive_attributes": [],
          "private": "eyJzY2hlbWFfdmVyc2lvbiI6IjEifQ==",
          "dependencies": [
            "aws_eks_cluster.eks",
            "aws_iam_role.eks",
            "aws_iam_role_policy_attachment.eks",
            "aws_subnet.private_zone1",
            "aws_subnet.private_zone2",
            "aws_subnet.public_zone1",
            "aws_subnet.public_zone2",
            "aws_vpc.main"
          ]
        }
      ]
    },
    {
      "mode": "managed",
      "type": "local_file",
      "name": "grafana_manifests",
      "provider": "provider[\"registry.terraform.io/hashicorp/local\"]",
      "instances": [
        {
          "index_key": "templates/clusterrole.yaml",
          "schema_version": 0,
          "attributes": {
            "content": "---\n# Source: grafana/templates/clusterrole.yaml\nkind: ClusterRole\napiVersion: rbac.authorization.k8s.io/v1\nmetadata:\n  labels:\n    helm.sh/chart: grafana-6.50.7\n    app.kubernetes.io/name: grafana\n    app.kubernetes.io/instance: grafana\n    app.kubernetes.io/version: \"9.3.6\"\n    app.kubernetes.io/managed-by: Helm\n  name: grafana-clusterrole\nrules: []\n",
            "content_base64": null,
            "content_base64sha256": "78Yps2VbfmzH5Fd1RrQIokNfROKAk5jZUz1kdi59RFU=",
            "content_base64sha512": "aQygtgGNhOf/XbRnf5LBY2W9IXHw+fJn3b2fLBcYA93i1w3zXvMipht0CQn7PCUj4oKYxG0oFtEbM8H7a09Jyg==",
            "content_md5": "564f39e2f684f0678a77222c9f84c47d",
            "content_sha1": "f5646f33909f32e76984c3dfe4214c1c3982c3f3",
            "content_sha256": "efc629b3655b7e6cc7e4577546b408a2435f44e2809398d9533d64762e7d4455",
            "content_sha512": "690ca0b6018d84e7ff5db4677f92c16365bd2171f0f9f267ddbd9f2c171803dde2d70df35ef322a61b740909fb3c2523e28298c46d2816d11b33c1fb6b4f49ca",
            "directory_permission": "0777",
            "file_permission": "0777",
            "filename": "target/templates/clusterrole.yaml",
            "id": "f5646f33909f32e76984c3dfe4214c1c3982c3f3",
            "sensitive_content": null,
            "source": null
          },
          "sensitive_attributes": [],
          "dependencies": [
            "aws_eks_cluster.eks",
            "aws_iam_role.eks",
            "aws_iam_role_policy_attachment.eks",
            "aws_subnet.private_zone1",
            "aws_subnet.private_zone2",
            "aws_subnet.public_zone1",
            "aws_subnet.public_zone2",
            "aws_vpc.main",
            "data.helm_template.grafana"
          ]
        },
        {
          "index_key": "templates/clusterrolebinding.yaml",
          "schema_version": 0,
          "attributes": {
            "content": "---\n# Source: grafana/templates/clusterrolebinding.yaml\nkind: ClusterRoleBinding\napiVersion: rbac.authorization.k8s.io/v1\nmetadata:\n  name: grafana-clusterrolebinding\n  labels:\n    helm.sh/chart: grafana-6.50.7\n    app.kubernetes.io/name: grafana\n    app.kubernetes.io/instance: grafana\n    app.kubernetes.io/version: \"9.3.6\"\n    app.kubernetes.io/managed-by: Helm\nsubjects:\n  - kind: ServiceAccount\n    name: grafana\n    namespace: monitoring\nroleRef:\n  kind: ClusterRole\n  name: grafana-clusterrole\n  apiGroup: rbac.authorization.k8s.io\n",
            "content_base64": null,
            "content_base64sha256": "rdcii4J3lut63mmraNs+6BVfCl9rcUuZe3A5iyDqkRo=",
            "content_base64sha512": "zimNiguTAZvb+zGyn6pxP+OgD9Bkrc+CL9l6kwLItnH4PC/iSHTbsPo3ECSSDCKYSdPTv1nLjrYBP6XfN5tLQg==",
            "content_md5": "d14837a1ea09d13f2cadce53b8ebb352",
            "content_sha1": "466f989d30ba53404f1e391514e307bbf1436e1e",
            "content_sha256": "add7228b827796eb7ade69ab68db3ee8155f0a5f6b714b997b70398b20ea911a",
            "content_sha512": "ce298d8a0b93019bdbfb31b29faa713fe3a00fd064adcf822fd97a9302c8b671f83c2fe24874dbb0fa371024920c229849d3d3bf59cb8eb6013fa5df379b4b42",
            "directory_permission": "0777",
            "file_permission": "0777",
            "filename": "target/templates/clusterrolebinding.yaml",
            "id": "466f989d30ba53404f1e391514e307bbf1436e1e",
            "sensitive_content": null,
            "source": null
          },
          "sensitive_attributes": [],
          "dependencies": [
            "aws_eks_cluster.eks",
            "aws_iam_role.eks",
            "aws_iam_role_policy_attachment.eks",
            "aws_subnet.private_zone1",
            "aws_subnet.private_zone2",
            "aws_subnet.public_zone1",
            "aws_subnet.public_zone2",
            "aws_vpc.main",
            "data.helm_template.grafana"
          ]
        },
        {
          "index_key": "templates/configmap.yaml",
          "schema_version": 0,
          "attributes": {
            "content": "---\n# Source: grafana/templates/configmap.yaml\napiVersion: v1\nkind: ConfigMap\nmetadata:\n  name: grafana\n  namespace: monitoring\n  labels:\n    helm.sh/chart: grafana-6.50.7\n    app.kubernetes.io/name: grafana\n    app.kubernetes.io/instance: grafana\n    app.kubernetes.io/version: \"9.3.6\"\n    app.kubernetes.io/managed-by: Helm\ndata:\n  grafana.ini: |\n    [analytics]\n    check_for_updates = true\n    [grafana_net]\n    url = https://grafana.net\n    [log]\n    mode = console\n    [paths]\n    data = /var/lib/grafana/\n    logs = /var/log/grafana\n    plugins = /var/lib/grafana/plugins\n    provisioning = /etc/grafana/provisioning\n    [server]\n    domain = ''\n",
            "content_base64": null,
            "content_base64sha256": "q9c0DMnMzAZOq+6HFbD62pv3q6x19OVuQK1PyR3drxU=",
            "content_base64sha512": "NqxWwGJwZFKrpWZ5l50fD9k85HOIvx7cxXZyycRmeA5h+LGnNiRBUxmOOfN2PUMSvKdBEj4os3s3TIfNLOZvIQ==",
            "content_md5": "eb11de2d705d631fa79c2ae04825e4be",
            "content_sha1": "3d9aa3076e63ce0330802fd06ef43c626197096c",
            "content_sha256": "abd7340cc9cccc064eabee8715b0fada9bf7abac75f4e56e40ad4fc91dddaf15",
            "content_sha512": "36ac56c062706452aba56679979d1f0fd93ce47388bf1edcc57672c9c466780e61f8b1a736244153198e39f3763d4312bca741123e28b37b374c87cd2ce66f21",
            "directory_permission": "0777",
            "file_permission": "0777",
            "filename": "target/templates/configmap.yaml",
            "id": "3d9aa3076e63ce0330802fd06ef43c626197096c",
            "sensitive_content": null,
            "source": null
          },
          "sensitive_attributes": [],
          "dependencies": [
            "aws_eks_cluster.eks",
            "aws_iam_role.eks",
            "aws_iam_role_policy_attachment.eks",
            "aws_subnet.private_zone1",
            "aws_subnet.private_zone2",
            "aws_subnet.public_zone1",
            "aws_subnet.public_zone2",
            "aws_vpc.main",
            "data.helm_template.grafana"
          ]
        },
        {
          "index_key": "templates/deployment.yaml",
          "schema_version": 0,
          "attributes": {
            "content": "---\n# Source: grafana/templates/deployment.yaml\napiVersion: apps/v1\nkind: Deployment\nmetadata:\n  name: grafana\n  namespace: monitoring\n  labels:\n    helm.sh/chart: grafana-6.50.7\n    app.kubernetes.io/name: grafana\n    app.kubernetes.io/instance: grafana\n    app.kubernetes.io/version: \"9.3.6\"\n    app.kubernetes.io/managed-by: Helm\nspec:\n  replicas: 1\n  revisionHistoryLimit: 10\n  selector:\n    matchLabels:\n      app.kubernetes.io/name: grafana\n      app.kubernetes.io/instance: grafana\n  strategy:\n    type: RollingUpdate\n  template:\n    metadata:\n      labels:\n        app.kubernetes.io/name: grafana\n        app.kubernetes.io/instance: grafana\n      annotations:\n        checksum/config: 056d226d0106d8bf12700fb9960ba104f9a93e7c755c312e0675dd380d506fbf\n        checksum/dashboards-json-config: 01ba4719c80b6fe911b091a7c05124b64eeece964e09c058ef8f9805daca546b\n        checksum/sc-dashboard-provider-config: 01ba4719c80b6fe911b091a7c05124b64eeece964e09c058ef8f9805daca546b\n        checksum/secret: e99e0a72172c27f3dd1c69b25e1bad7210cd92d3712f6641b42d4bd6949293a3\n    spec:\n      \n      serviceAccountName: grafana\n      automountServiceAccountToken: true\n      securityContext:\n        fsGroup: 472\n        runAsGroup: 472\n        runAsUser: 472\n      initContainers:\n        - name: init-chown-data\n          image: \"busybox:1.31.1\"\n          imagePullPolicy: IfNotPresent\n          securityContext:\n            runAsNonRoot: false\n            runAsUser: 0\n          command:\n            - chown\n            - -R\n            - 472:472\n            - /var/lib/grafana\n          volumeMounts:\n            - name: storage\n              mountPath: \"/var/lib/grafana\"\n      enableServiceLinks: true\n      containers:\n        - name: grafana\n          image: \"grafana/grafana:9.3.6\"\n          imagePullPolicy: IfNotPresent\n          volumeMounts:\n            - name: config\n              mountPath: \"/etc/grafana/grafana.ini\"\n              subPath: grafana.ini\n            - name: storage\n              mountPath: \"/var/lib/grafana\"\n          ports:\n            - name: grafana\n              containerPort: 3000\n              protocol: TCP\n            - name: gossip-tcp\n              containerPort: 9094\n              protocol: TCP\n            - name: gossip-udp\n              containerPort: 9094\n              protocol: UDP\n          env:\n            - name: POD_IP\n              valueFrom:\n                fieldRef:\n                  fieldPath: status.podIP\n            - name: GF_SECURITY_ADMIN_USER\n              valueFrom:\n                secretKeyRef:\n                  name: grafana\n                  key: admin-user\n            - name: GF_SECURITY_ADMIN_PASSWORD\n              valueFrom:\n                secretKeyRef:\n                  name: grafana\n                  key: admin-password\n            - name: GF_PATHS_DATA\n              value: /var/lib/grafana/\n            - name: GF_PATHS_LOGS\n              value: /var/log/grafana\n            - name: GF_PATHS_PLUGINS\n              value: /var/lib/grafana/plugins\n            - name: GF_PATHS_PROVISIONING\n              value: /etc/grafana/provisioning\n          livenessProbe:\n            failureThreshold: 10\n            httpGet:\n              path: /api/health\n              port: 3000\n            initialDelaySeconds: 60\n            timeoutSeconds: 30\n          readinessProbe:\n            httpGet:\n              path: /api/health\n              port: 3000\n      volumes:\n        - name: config\n          configMap:\n            name: grafana\n        - name: storage\n          persistentVolumeClaim:\n            claimName: grafana\n",
            "content_base64": null,
            "content_base64sha256": "tP/8ekIv/klDaxmy/RHqNQ8A97Wgh1qQsBm3oXs9BVY=",
            "content_base64sha512": "AN4QQwSp0JopgeCsANI4bkHxJWvicB99N0lWs1ps1XgXD/xYntu2mRT0QepmW7oj68lIT7on9Jc08t+sR8eU7A==",
            "content_md5": "2efd4eb97be312b512de1716fbdf9189",
            "content_sha1": "3cfa2c9d4c8e07b0fbe71bfd1f623f686d2db10d",
            "content_sha256": "b4fffc7a422ffe49436b19b2fd11ea350f00f7b5a0875a90b019b7a17b3d0556",
            "content_sha512": "00de104304a9d09a2981e0ac00d2386e41f1256be2701f7d374956b35a6cd578170ffc589edbb69914f441ea665bba23ebc9484fba27f49734f2dfac47c794ec",
            "directory_permission": "0777",
            "file_permission": "0777",
            "filename": "target/templates/deployment.yaml",
            "id": "3cfa2c9d4c8e07b0fbe71bfd1f623f686d2db10d",
            "sensitive_content": null,
            "source": null
          },
          "sensitive_attributes": [],
          "dependencies": [
            "aws_eks_cluster.eks",
            "aws_iam_role.eks",
            "aws_iam_role_policy_attachment.eks",
            "aws_subnet.private_zone1",
            "aws_subnet.private_zone2",
            "aws_subnet.public_zone1",
            "aws_subnet.public_zone2",
            "aws_vpc.main",
            "data.helm_template.grafana"
          ]
        },
        {
          "index_key": "templates/pvc.yaml",
          "schema_version": 0,
          "attributes": {
            "content": "---\n# Source: grafana/templates/pvc.yaml\napiVersion: v1\nkind: PersistentVolumeClaim\nmetadata:\n  name: grafana\n  namespace: monitoring\n  labels:\n    helm.sh/chart: grafana-6.50.7\n    app.kubernetes.io/name: grafana\n    app.kubernetes.io/instance: grafana\n    app.kubernetes.io/version: \"9.3.6\"\n    app.kubernetes.io/managed-by: Helm\n  finalizers:\n    - kubernetes.io/pvc-protection\nspec:\n  accessModes:\n    - \"ReadWriteOnce\"\n  resources:\n    requests:\n      storage: \"8Gi\"\n",
            "content_base64": null,
            "content_base64sha256": "gNNra8a9CQniYE1BcgOaIuRz5U9j8ZfQyhfOjhUku6g=",
            "content_base64sha512": "OrAnZDrxZmeXmvE8HF3EINIj8O+pvOrUv1II3gOZkOuseycqcJlXqwog2BcHSXjPhCGSdpnZ11E1/UpzjU+IUg==",
            "content_md5": "4b23c0643c0589b840073233fa56892f",
            "content_sha1": "0e7620169be8f1d75d3bc10de244dca47a17cc4b",
            "content_sha256": "80d36b6bc6bd0909e2604d4172039a22e473e54f63f197d0ca17ce8e1524bba8",
            "content_sha512": "3ab027643af16667979af13c1c5dc420d223f0efa9bcead4bf5208de039990ebac7b272a709957ab0a20d817074978cf8421927699d9d75135fd4a738d4f8852",
            "directory_permission": "0777",
            "file_permission": "0777",
            "filename": "target/templates/pvc.yaml",
            "id": "0e7620169be8f1d75d3bc10de244dca47a17cc4b",
            "sensitive_content": null,
            "source": null
          },
          "sensitive_attributes": [],
          "dependencies": [
            "aws_eks_cluster.eks",
            "aws_iam_role.eks",
            "aws_iam_role_policy_attachment.eks",
            "aws_subnet.private_zone1",
            "aws_subnet.private_zone2",
            "aws_subnet.public_zone1",
            "aws_subnet.public_zone2",
            "aws_vpc.main",
            "data.helm_template.grafana"
          ]
        },
        {
          "index_key": "templates/role.yaml",
          "schema_version": 0,
          "attributes": {
            "content": "---\n# Source: grafana/templates/role.yaml\napiVersion: rbac.authorization.k8s.io/v1\nkind: Role\nmetadata:\n  name: grafana\n  namespace: monitoring\n  labels:\n    helm.sh/chart: grafana-6.50.7\n    app.kubernetes.io/name: grafana\n    app.kubernetes.io/instance: grafana\n    app.kubernetes.io/version: \"9.3.6\"\n    app.kubernetes.io/managed-by: Helm\nrules:\n  - apiGroups:      ['extensions']\n    resources:      ['podsecuritypolicies']\n    verbs:          ['use']\n    resourceNames:  [grafana]\n",
            "content_base64": null,
            "content_base64sha256": "Pd6adX+Xhvob/yvEtIpaa4lmgGQOaL8l8a7bQ8ygzWU=",
            "content_base64sha512": "trCrBb0UnSrBaEdmeuyBYWadVrRZ5oduPweeIHoKh4b+JaLdW2AzjcHNGkDtcpKs3YAT22A2FPTsoKSRqU9Y1w==",
            "content_md5": "74ae89f058b33893a1813e6f9216a029",
            "content_sha1": "571512b49459f6fd5f58e19559652888928331d7",
            "content_sha256": "3dde9a757f9786fa1bff2bc4b48a5a6b896680640e68bf25f1aedb43cca0cd65",
            "content_sha512": "b6b0ab05bd149d2ac16847667aec8161669d56b459e6876e3f079e207a0a8786fe25a2dd5b60338dc1cd1a40ed7292acdd8013db603614f4eca0a491a94f58d7",
            "directory_permission": "0777",
            "file_permission": "0777",
            "filename": "target/templates/role.yaml",
            "id": "571512b49459f6fd5f58e19559652888928331d7",
            "sensitive_content": null,
            "source": null
          },
          "sensitive_attributes": [],
          "dependencies": [
            "aws_eks_cluster.eks",
            "aws_iam_role.eks",
            "aws_iam_role_policy_attachment.eks",
            "aws_subnet.private_zone1",
            "aws_subnet.private_zone2",
            "aws_subnet.public_zone1",
            "aws_subnet.public_zone2",
            "aws_vpc.main",
            "data.helm_template.grafana"
          ]
        },
        {
          "index_key": "templates/rolebinding.yaml",
          "schema_version": 0,
          "attributes": {
            "content": "---\n# Source: grafana/templates/rolebinding.yaml\napiVersion: rbac.authorization.k8s.io/v1\nkind: RoleBinding\nmetadata:\n  name: grafana\n  namespace: monitoring\n  labels:\n    helm.sh/chart: grafana-6.50.7\n    app.kubernetes.io/name: grafana\n    app.kubernetes.io/instance: grafana\n    app.kubernetes.io/version: \"9.3.6\"\n    app.kubernetes.io/managed-by: Helm\nroleRef:\n  apiGroup: rbac.authorization.k8s.io\n  kind: Role\n  name: grafana\nsubjects:\n- kind: ServiceAccount\n  name: grafana\n  namespace: monitoring\n",
            "content_base64": null,
            "content_base64sha256": "gm2MM1j9zbWbeMOiUvpKPE2F53I5tv+mdh2A2fGIPkA=",
            "content_base64sha512": "RhrC5gSiRfIlb3bPYAawnpqybUMH9IFQXviM6dWcJgBxlAkoVrR1uBxMnH4qOSyQPvaQuQWh7ulck4JNl9mnwQ==",
            "content_md5": "477402a82481be0ef2c22cb50b6b5c90",
            "content_sha1": "21b91096b31628e10fc65417b35e15ac98ebe842",
            "content_sha256": "826d8c3358fdcdb59b78c3a252fa4a3c4d85e77239b6ffa6761d80d9f1883e40",
            "content_sha512": "461ac2e604a245f2256f76cf6006b09e9ab26d4307f481505ef88ce9d59c26007194092856b475b81c4c9c7e2a392c903ef690b905a1eee95c93824d97d9a7c1",
            "directory_permission": "0777",
            "file_permission": "0777",
            "filename": "target/templates/rolebinding.yaml",
            "id": "21b91096b31628e10fc65417b35e15ac98ebe842",
            "sensitive_content": null,
            "source": null
          },
          "sensitive_attributes": [],
          "dependencies": [
            "aws_eks_cluster.eks",
            "aws_iam_role.eks",
            "aws_iam_role_policy_attachment.eks",
            "aws_subnet.private_zone1",
            "aws_subnet.private_zone2",
            "aws_subnet.public_zone1",
            "aws_subnet.public_zone2",
            "aws_vpc.main",
            "data.helm_template.grafana"
          ]
        },
        {
          "index_key": "templates/secret.yaml",
          "schema_version": 0,
          "attributes": {
            "content": "---\n# Source: grafana/templates/secret.yaml\napiVersion: v1\nkind: Secret\nmetadata:\n  name: grafana\n  namespace: monitoring\n  labels:\n    helm.sh/chart: grafana-6.50.7\n    app.kubernetes.io/name: grafana\n    app.kubernetes.io/instance: grafana\n    app.kubernetes.io/version: \"9.3.6\"\n    app.kubernetes.io/managed-by: Helm\ntype: Opaque\ndata:\n  admin-user: \"YWRtaW4=\"\n  admin-password: \"ZGV2b3BzMTIz\"\n  ldap-toml: \"\"\n",
            "content_base64": null,
            "content_base64sha256": "ztQq1q8lniX9IsJM6gmbmeXgDPpXziAN8yycpIBa/ZY=",
            "content_base64sha512": "mb8ltDd7v5J/3LCD71+dvKcwiyd5H5bhTF5wqKsXOPnQMv6Iv7/ff5PAnBshGz6c2au8oiflLNO3pS+tHhFEXw==",
            "content_md5": "39a0120b571a466961df1c6298cdaa7b",
            "content_sha1": "b8b9cab806a8ed3483e10ca3ead0ddab7e5c651f",
            "content_sha256": "ced42ad6af259e25fd22c24cea099b99e5e00cfa57ce200df32c9ca4805afd96",
            "content_sha512": "99bf25b4377bbf927fdcb083ef5f9dbca7308b27791f96e14c5e70a8ab1738f9d032fe88bfbfdf7f93c09c1b211b3e9cd9abbca227e52cd3b7a52fad1e11445f",
            "directory_permission": "0777",
            "file_permission": "0777",
            "filename": "target/templates/secret.yaml",
            "id": "b8b9cab806a8ed3483e10ca3ead0ddab7e5c651f",
            "sensitive_content": null,
            "source": null
          },
          "sensitive_attributes": [],
          "dependencies": [
            "aws_eks_cluster.eks",
            "aws_iam_role.eks",
            "aws_iam_role_policy_attachment.eks",
            "aws_subnet.private_zone1",
            "aws_subnet.private_zone2",
            "aws_subnet.public_zone1",
            "aws_subnet.public_zone2",
            "aws_vpc.main",
            "data.helm_template.grafana"
          ]
        },
        {
          "index_key": "templates/service.yaml",
          "schema_version": 0,
          "attributes": {
            "content": "---\n# Source: grafana/templates/service.yaml\napiVersion: v1\nkind: Service\nmetadata:\n  name: grafana\n  namespace: monitoring\n  labels:\n    helm.sh/chart: grafana-6.50.7\n    app.kubernetes.io/name: grafana\n    app.kubernetes.io/instance: grafana\n    app.kubernetes.io/version: \"9.3.6\"\n    app.kubernetes.io/managed-by: Helm\nspec:\n  type: ClusterIP\n  ports:\n    - name: service\n      port: 80\n      protocol: TCP\n      targetPort: 3000\n  selector:\n    app.kubernetes.io/name: grafana\n    app.kubernetes.io/instance: grafana\n",
            "content_base64": null,
            "content_base64sha256": "xxdukvjRfjSLIf1lWo/v1FFgDCxFmJUw4kVKT4f97Q8=",
            "content_base64sha512": "uUMdYqKe25roRJaWCk+01Lm8FNyIeBl3TcUECUvWSDR3wklM6aEN8cSKQ9a0MANvd8RzWHA2B8GtmloFEJUmjA==",
            "content_md5": "8709d6daeb02dab787354a5e7792cea6",
            "content_sha1": "c37369e5325261840fc69bf021394be7e723f720",
            "content_sha256": "c7176e92f8d17e348b21fd655a8fefd451600c2c45989530e2454a4f87fded0f",
            "content_sha512": "b9431d62a29edb9ae84496960a4fb4d4b9bc14dc887819774dc504094bd6483477c2494ce9a10df1c48a43d6b430036f77c47358703607c1ad9a5a051095268c",
            "directory_permission": "0777",
            "file_permission": "0777",
            "filename": "target/templates/service.yaml",
            "id": "c37369e5325261840fc69bf021394be7e723f720",
            "sensitive_content": null,
            "source": null
          },
          "sensitive_attributes": [],
          "dependencies": [
            "aws_eks_cluster.eks",
            "aws_iam_role.eks",
            "aws_iam_role_policy_attachment.eks",
            "aws_subnet.private_zone1",
            "aws_subnet.private_zone2",
            "aws_subnet.public_zone1",
            "aws_subnet.public_zone2",
            "aws_vpc.main",
            "data.helm_template.grafana"
          ]
        },
        {
          "index_key": "templates/serviceaccount.yaml",
          "schema_version": 0,
          "attributes": {
            "content": "---\n# Source: grafana/templates/serviceaccount.yaml\napiVersion: v1\nkind: ServiceAccount\nmetadata:\n  labels:\n    helm.sh/chart: grafana-6.50.7\n    app.kubernetes.io/name: grafana\n    app.kubernetes.io/instance: grafana\n    app.kubernetes.io/version: \"9.3.6\"\n    app.kubernetes.io/managed-by: Helm\n  name: grafana\n  namespace: monitoring\n",
            "content_base64": null,
            "content_base64sha256": "6iBpnMnwJAQ4pnC/Hn3H2MipzRBqIyCYorHa3IJmY6s=",
            "content_base64sha512": "mZRGV2CDap4RYP62TwQpdwzVeBDyURSt3PjPKE9W/6jjxmoPzThU4lSnk+Nrnyr36Tm5nG5xmoaE3ldgEHT4nw==",
            "content_md5": "b4e991ec01493064d1861cec5035a5f6",
            "content_sha1": "cfc5f810864d40e761ecda654e0fa8712e347620",
            "content_sha256": "ea20699cc9f0240438a670bf1e7dc7d8c8a9cd106a232098a2b1dadc826663ab",
            "content_sha512": "9994465760836a9e1160feb64f0429770cd57810f25114addcf8cf284f56ffa8e3c66a0fcd3854e254a793e36b9f2af7e939b99c6e719a8684de57601074f89f",
            "directory_permission": "0777",
            "file_permission": "0777",
            "filename": "target/templates/serviceaccount.yaml",
            "id": "cfc5f810864d40e761ecda654e0fa8712e347620",
            "sensitive_content": null,
            "source": null
          },
          "sensitive_attributes": [],
          "dependencies": [
            "aws_eks_cluster.eks",
            "aws_iam_role.eks",
            "aws_iam_role_policy_attachment.eks",
            "aws_subnet.private_zone1",
            "aws_subnet.private_zone2",
            "aws_subnet.public_zone1",
            "aws_subnet.public_zone2",
            "aws_vpc.main",
            "data.helm_template.grafana"
          ]
        },
        {
          "index_key": "templates/tests/test-configmap.yaml",
          "schema_version": 0,
          "attributes": {
            "content": "---\n# Source: grafana/templates/tests/test-configmap.yaml\napiVersion: v1\nkind: ConfigMap\nmetadata:\n  name: grafana-test\n  namespace: monitoring\n  annotations:\n    \"helm.sh/hook\": test-success\n    \"helm.sh/hook-delete-policy\": \"before-hook-creation,hook-succeeded\"\n  labels:\n    helm.sh/chart: grafana-6.50.7\n    app.kubernetes.io/name: grafana\n    app.kubernetes.io/instance: grafana\n    app.kubernetes.io/version: \"9.3.6\"\n    app.kubernetes.io/managed-by: Helm\ndata:\n  run.sh: |-\n    @test \"Test Health\" {\n      url=\"http://grafana/api/health\"\n\n      code=$(wget --server-response --spider --timeout 90 --tries 10 ${url} 2\u003e\u00261 | awk '/^  HTTP/{print $2}')\n      [ \"$code\" == \"200\" ]\n    }\n",
            "content_base64": null,
            "content_base64sha256": "lSxDbiL6bD4hAqfaT7uP9BE2bQvb7gj03X0Iyo9cZ8k=",
            "content_base64sha512": "FVc0D2iRtcma5VLKgZ3RUL9cc1B7d2QffSdVeN78nCRV5MpK9ToI1YsGAtQAzdR92QLP/Yk95aQdWuEZ+pqSOg==",
            "content_md5": "b91e87178ba816aca82117904613f677",
            "content_sha1": "a5aa2df5f9dd7a4954e47ed6b0c05e80862a4f7a",
            "content_sha256": "952c436e22fa6c3e2102a7da4fbb8ff411366d0bdbee08f4dd7d08ca8f5c67c9",
            "content_sha512": "1557340f6891b5c99ae552ca819dd150bf5c73507b77641f7d275578defc9c2455e4ca4af53a08d58b0602d400cdd47dd902cffd893de5a41d5ae119fa9a923a",
            "directory_permission": "0777",
            "file_permission": "0777",
            "filename": "target/templates/tests/test-configmap.yaml",
            "id": "a5aa2df5f9dd7a4954e47ed6b0c05e80862a4f7a",
            "sensitive_content": null,
            "source": null
          },
          "sensitive_attributes": [],
          "dependencies": [
            "aws_eks_cluster.eks",
            "aws_iam_role.eks",
            "aws_iam_role_policy_attachment.eks",
            "aws_subnet.private_zone1",
            "aws_subnet.private_zone2",
            "aws_subnet.public_zone1",
            "aws_subnet.public_zone2",
            "aws_vpc.main",
            "data.helm_template.grafana"
          ]
        },
        {
          "index_key": "templates/tests/test-serviceaccount.yaml",
          "schema_version": 0,
          "attributes": {
            "content": "---\n# Source: grafana/templates/tests/test-serviceaccount.yaml\napiVersion: v1\nkind: ServiceAccount\nmetadata:\n  labels:\n    helm.sh/chart: grafana-6.50.7\n    app.kubernetes.io/name: grafana\n    app.kubernetes.io/instance: grafana\n    app.kubernetes.io/version: \"9.3.6\"\n    app.kubernetes.io/managed-by: Helm\n  name: grafana-test\n  namespace: monitoring\n  annotations:\n    \"helm.sh/hook\": test-success\n    \"helm.sh/hook-delete-policy\": \"before-hook-creation,hook-succeeded\"\n",
            "content_base64": null,
            "content_base64sha256": "0zUVfJwt/7CRB94Go2IVvJZTtviH7jwPxpEDfmj/3gk=",
            "content_base64sha512": "5h/V2BstFHpBdLdgLyjWVEMfNoXRTaLqCxrRKX69OEQYCv2Xl1iV1ag8+fDXqpwBVtwnlEr62G6WspocZccBJQ==",
            "content_md5": "6cbb74cb7b3b5ad72a7e7c372b969b45",
            "content_sha1": "ab3c617930a9de2dd763fd8b2cc8c5e3ec6b9410",
            "content_sha256": "d335157c9c2dffb09107de06a36215bc9653b6f887ee3c0fc691037e68ffde09",
            "content_sha512": "e61fd5d81b2d147a4174b7602f28d654431f3685d14da2ea0b1ad1297ebd3844180afd97975895d5a83cf9f0d7aa9c0156dc27944afad86e96b29a1c65c70125",
            "directory_permission": "0777",
            "file_permission": "0777",
            "filename": "target/templates/tests/test-serviceaccount.yaml",
            "id": "ab3c617930a9de2dd763fd8b2cc8c5e3ec6b9410",
            "sensitive_content": null,
            "source": null
          },
          "sensitive_attributes": [],
          "dependencies": [
            "aws_eks_cluster.eks",
            "aws_iam_role.eks",
            "aws_iam_role_policy_attachment.eks",
            "aws_subnet.private_zone1",
            "aws_subnet.private_zone2",
            "aws_subnet.public_zone1",
            "aws_subnet.public_zone2",
            "aws_vpc.main",
            "data.helm_template.grafana"
          ]
        },
        {
          "index_key": "templates/tests/test.yaml",
          "schema_version": 0,
          "attributes": {
            "content": "---\n# Source: grafana/templates/tests/test.yaml\napiVersion: v1\nkind: Pod\nmetadata:\n  name: grafana-test\n  labels:\n    helm.sh/chart: grafana-6.50.7\n    app.kubernetes.io/name: grafana\n    app.kubernetes.io/instance: grafana\n    app.kubernetes.io/version: \"9.3.6\"\n    app.kubernetes.io/managed-by: Helm\n  annotations:\n    \"helm.sh/hook\": test-success\n    \"helm.sh/hook-delete-policy\": \"before-hook-creation,hook-succeeded\"\n  namespace: monitoring\nspec:\n  serviceAccountName: grafana-test\n  containers:\n    - name: grafana-test\n      image: \"bats/bats:v1.4.1\"\n      imagePullPolicy: \"IfNotPresent\"\n      command: [\"/opt/bats/bin/bats\", \"-t\", \"/tests/run.sh\"]\n      volumeMounts:\n        - mountPath: /tests\n          name: tests\n          readOnly: true\n  volumes:\n    - name: tests\n      configMap:\n        name: grafana-test\n  restartPolicy: Never\n",
            "content_base64": null,
            "content_base64sha256": "TO3mrvg8gnJMlgSC5V2BHakE82EDDdnK/SAP+yMo8io=",
            "content_base64sha512": "DFDdbvR71OWVxolzPnNaDVTcoyQF+rxzntTCggkaolCtz1YtZYw4b+WH2IvoD3GSbcVmPYB919CMTQDxJH8+cQ==",
            "content_md5": "1e9a37ef8fd5a960de12b0230d8a4f7d",
            "content_sha1": "64553c8efa45578f1a4d26c9f84fab026c5e2712",
            "content_sha256": "4cede6aef83c82724c960482e55d811da904f361030dd9cafd200ffb2328f22a",
            "content_sha512": "0c50dd6ef47bd4e595c689733e735a0d54dca32405fabc739ed4c282091aa250adcf562d658c386fe587d88be80f71926dc5663d807dd7d08c4d00f1247f3e71",
            "directory_permission": "0777",
            "file_permission": "0777",
            "filename": "target/templates/tests/test.yaml",
            "id": "64553c8efa45578f1a4d26c9f84fab026c5e2712",
            "sensitive_content": null,
            "source": null
          },
          "sensitive_attributes": [],
          "dependencies": [
            "aws_eks_cluster.eks",
            "aws_iam_role.eks",
            "aws_iam_role_policy_attachment.eks",
            "aws_subnet.private_zone1",
            "aws_subnet.private_zone2",
            "aws_subnet.public_zone1",
            "aws_subnet.public_zone2",
            "aws_vpc.main",
            "data.helm_template.grafana"
          ]
        }
      ]
    }
  ],
  "check_results": null
}
